{
  "version": 4,
  "terraform_version": "0.12.24",
  "serial": 50,
  "lineage": "84f45f7a-5e88-fd15-317c-908acae4085e",
  "outputs": {},
  "resources": [
    {
      "module": "module.eks-cluster",
      "mode": "data",
      "type": "aws_ami",
      "name": "eks_worker",
      "provider": "provider.aws",
      "instances": [
        {
          "schema_version": 0,
          "attributes": {
            "architecture": "x86_64",
            "block_device_mappings": [
              {
                "device_name": "/dev/xvda",
                "ebs": {
                  "delete_on_termination": "true",
                  "encrypted": "false",
                  "iops": "0",
                  "snapshot_id": "snap-0048ba2031cca67bf",
                  "volume_size": "20",
                  "volume_type": "gp2"
                },
                "no_device": "",
                "virtual_name": ""
              }
            ],
            "creation_date": "2020-03-13T04:57:48.000Z",
            "description": "EKS Kubernetes Worker AMI with AmazonLinux2 image, (k8s: 1.15.10, docker:18.09.9ce-2.amzn2)",
            "executable_users": null,
            "filter": [
              {
                "name": "name",
                "values": [
                  "amazon-eks-node-1.15-v*"
                ]
              }
            ],
            "hypervisor": "xen",
            "id": "ami-0dc7713312a7ec987",
            "image_id": "ami-0dc7713312a7ec987",
            "image_location": "amazon/amazon-eks-node-1.15-v20200312",
            "image_owner_alias": "amazon",
            "image_type": "machine",
            "kernel_id": null,
            "most_recent": true,
            "name": "amazon-eks-node-1.15-v20200312",
            "name_regex": null,
            "owner_id": "602401143452",
            "owners": [
              "602401143452"
            ],
            "platform": null,
            "product_codes": [],
            "public": true,
            "ramdisk_id": null,
            "root_device_name": "/dev/xvda",
            "root_device_type": "ebs",
            "root_snapshot_id": "snap-0048ba2031cca67bf",
            "sriov_net_support": "simple",
            "state": "available",
            "state_reason": {
              "code": "UNSET",
              "message": "UNSET"
            },
            "tags": {},
            "virtualization_type": "hvm"
          }
        }
      ]
    },
    {
      "module": "module.eks-cluster",
      "mode": "data",
      "type": "aws_ami",
      "name": "eks_worker_windows",
      "provider": "provider.aws",
      "instances": [
        {
          "schema_version": 0,
          "attributes": {
            "architecture": "x86_64",
            "block_device_mappings": [
              {
                "device_name": "/dev/sda1",
                "ebs": {
                  "delete_on_termination": "true",
                  "encrypted": "false",
                  "iops": "0",
                  "snapshot_id": "snap-0dbeaa1ce2b2be47b",
                  "volume_size": "50",
                  "volume_type": "gp2"
                },
                "no_device": "",
                "virtual_name": ""
              },
              {
                "device_name": "xvdca",
                "ebs": {},
                "no_device": "",
                "virtual_name": "ephemeral0"
              },
              {
                "device_name": "xvdcb",
                "ebs": {},
                "no_device": "",
                "virtual_name": "ephemeral1"
              },
              {
                "device_name": "xvdcc",
                "ebs": {},
                "no_device": "",
                "virtual_name": "ephemeral2"
              },
              {
                "device_name": "xvdcd",
                "ebs": {},
                "no_device": "",
                "virtual_name": "ephemeral3"
              },
              {
                "device_name": "xvdce",
                "ebs": {},
                "no_device": "",
                "virtual_name": "ephemeral4"
              },
              {
                "device_name": "xvdcf",
                "ebs": {},
                "no_device": "",
                "virtual_name": "ephemeral5"
              },
              {
                "device_name": "xvdcg",
                "ebs": {},
                "no_device": "",
                "virtual_name": "ephemeral6"
              },
              {
                "device_name": "xvdch",
                "ebs": {},
                "no_device": "",
                "virtual_name": "ephemeral7"
              },
              {
                "device_name": "xvdci",
                "ebs": {},
                "no_device": "",
                "virtual_name": "ephemeral8"
              },
              {
                "device_name": "xvdcj",
                "ebs": {},
                "no_device": "",
                "virtual_name": "ephemeral9"
              },
              {
                "device_name": "xvdck",
                "ebs": {},
                "no_device": "",
                "virtual_name": "ephemeral10"
              },
              {
                "device_name": "xvdcl",
                "ebs": {},
                "no_device": "",
                "virtual_name": "ephemeral11"
              },
              {
                "device_name": "xvdcm",
                "ebs": {},
                "no_device": "",
                "virtual_name": "ephemeral12"
              },
              {
                "device_name": "xvdcn",
                "ebs": {},
                "no_device": "",
                "virtual_name": "ephemeral13"
              },
              {
                "device_name": "xvdco",
                "ebs": {},
                "no_device": "",
                "virtual_name": "ephemeral14"
              },
              {
                "device_name": "xvdcp",
                "ebs": {},
                "no_device": "",
                "virtual_name": "ephemeral15"
              },
              {
                "device_name": "xvdcq",
                "ebs": {},
                "no_device": "",
                "virtual_name": "ephemeral16"
              },
              {
                "device_name": "xvdcr",
                "ebs": {},
                "no_device": "",
                "virtual_name": "ephemeral17"
              },
              {
                "device_name": "xvdcs",
                "ebs": {},
                "no_device": "",
                "virtual_name": "ephemeral18"
              },
              {
                "device_name": "xvdct",
                "ebs": {},
                "no_device": "",
                "virtual_name": "ephemeral19"
              },
              {
                "device_name": "xvdcu",
                "ebs": {},
                "no_device": "",
                "virtual_name": "ephemeral20"
              },
              {
                "device_name": "xvdcv",
                "ebs": {},
                "no_device": "",
                "virtual_name": "ephemeral21"
              },
              {
                "device_name": "xvdcw",
                "ebs": {},
                "no_device": "",
                "virtual_name": "ephemeral22"
              },
              {
                "device_name": "xvdcx",
                "ebs": {},
                "no_device": "",
                "virtual_name": "ephemeral23"
              },
              {
                "device_name": "xvdcy",
                "ebs": {},
                "no_device": "",
                "virtual_name": "ephemeral24"
              },
              {
                "device_name": "xvdcz",
                "ebs": {},
                "no_device": "",
                "virtual_name": "ephemeral25"
              }
            ],
            "creation_date": "2020-03-18T08:33:08.000Z",
            "description": "Microsoft Windows Server 2019 Core optimized for EKS and provided by Amazon",
            "executable_users": null,
            "filter": [
              {
                "name": "name",
                "values": [
                  "Windows_Server-2019-English-Core-EKS_Optimized-1.15-*"
                ]
              },
              {
                "name": "platform",
                "values": [
                  "windows"
                ]
              }
            ],
            "hypervisor": "xen",
            "id": "ami-0bc6c3f6a1de1508b",
            "image_id": "ami-0bc6c3f6a1de1508b",
            "image_location": "amazon/Windows_Server-2019-English-Core-EKS_Optimized-1.15-2020.03.18",
            "image_owner_alias": "amazon",
            "image_type": "machine",
            "kernel_id": null,
            "most_recent": true,
            "name": "Windows_Server-2019-English-Core-EKS_Optimized-1.15-2020.03.18",
            "name_regex": null,
            "owner_id": "801119661308",
            "owners": [
              "801119661308"
            ],
            "platform": "windows",
            "product_codes": [],
            "public": true,
            "ramdisk_id": null,
            "root_device_name": "/dev/sda1",
            "root_device_type": "ebs",
            "root_snapshot_id": "snap-0dbeaa1ce2b2be47b",
            "sriov_net_support": "simple",
            "state": "available",
            "state_reason": {
              "code": "UNSET",
              "message": "UNSET"
            },
            "tags": {},
            "virtualization_type": "hvm"
          }
        }
      ]
    },
    {
      "module": "module.eks-cluster",
      "mode": "data",
      "type": "aws_caller_identity",
      "name": "current",
      "provider": "provider.aws",
      "instances": [
        {
          "schema_version": 0,
          "attributes": {
            "account_id": "236575081408",
            "arn": "arn:aws:iam::236575081408:user/cloud_user",
            "id": "2020-04-05 19:32:43.224431 +0000 UTC",
            "user_id": "AIDATOFHZIPAMBTY5PRVE"
          }
        }
      ]
    },
    {
      "mode": "data",
      "type": "aws_eks_cluster",
      "name": "cluster",
      "provider": "provider.aws",
      "instances": [
        {
          "schema_version": 0,
          "attributes": {
            "arn": "arn:aws:eks:us-east-1:236575081408:cluster/eks-cluster",
            "certificate_authority": [
              {
                "data": "LS0tLS1CRUdJTiBDRVJUSUZJQ0FURS0tLS0tCk1JSUN5RENDQWJDZ0F3SUJBZ0lCQURBTkJna3Foa2lHOXcwQkFRc0ZBREFWTVJNd0VRWURWUVFERXdwcmRXSmwKY201bGRHVnpNQjRYRFRJd01EUXdOVEU1TkRFek1Gb1hEVE13TURRd016RTVOREV6TUZvd0ZURVRNQkVHQTFVRQpBeE1LYTNWaVpYSnVaWFJsY3pDQ0FTSXdEUVlKS29aSWh2Y05BUUVCQlFBRGdnRVBBRENDQVFvQ2dnRUJBT1ZMCnFhQjY4UGducjUxMzR1THM4RW9UellaTnhvWTZDM1NCdFVZeFJvSjZDSDVzQzZQSSsvN3EyWlQxZUo3a0lVekIKS0hmcEt1QU1BSDdYV0I0blIxYUJGZHdxSzRLQWNERmNsb0h3QlR2bFA2ZTVZZ2hYM3ZIWm5MejMzMngzMktLVgowQlNOa1k2ZE5pVEV5QlMyQmZyeGZRUWwxZ0RQTUgxVnhUdWtiOFJKZVQ5dVl1UEluU1dub1ZreXk2Zm1tRE9vCmt5RWF1Ri9rNHcwczU1bnZVcFROWVFmOEpEY0hMdjFXbFp2a1BpQ2pLaCs1ZkQxMXlvZ3NFZTdBRjhlTzhEd0UKMS9ET0hHVnpBVjlhNGxnMkNkTUoyczhEenJRbFpHSmFDWUtQbXF6b1JpRG5USzJoNGNQNTJmU1F4U1FnT2NaLwptaytyRU0vdUMvUmE2NTFHWFRVQ0F3RUFBYU1qTUNFd0RnWURWUjBQQVFIL0JBUURBZ0trTUE4R0ExVWRFd0VCCi93UUZNQU1CQWY4d0RRWUpLb1pJaHZjTkFRRUxCUUFEZ2dFQkFIZ3lvWlRSSVBQbUtzOEJQeW5CU09XK0lqamUKT3ZFZ05QWmwwajRTaHR4cWdUMHlyRU9Ka3VhRzk0RXFJbEh6U29Xck5LbitROGROaHNESUc1Um5rY1B2MWJCNApzaUREenFZMnFiczRYc3plKzlmOFdTL0tWS2swVXpJSHRzQ0xXMmxFQ0pLZEpNTU0wMFZFUThCbTlHOUlWMURPClhOcEljakJOanFRY0M0S3dqbzVPQ21WOHNNVEJlUXJUbGg2VHM4akhRUTc1K2ViUzZIbjlDUzBLckNuNWpXTk0Kc2UwbGVpTzROL29NM0NiYndtbldqekdEbk1nRGtBazFNY0I4QTU2VWR2R0tVRTVPUTVmd2E2NTV6WG5HY0NsbAoyK2xVZ1l2cXJyRm1hd2V2ZCt3T2UzYTd2UktFcHIwTThuSzFJS256WkVWNU5hZ1ZBaTlVL3lJWHVEND0KLS0tLS1FTkQgQ0VSVElGSUNBVEUtLS0tLQo="
              }
            ],
            "created_at": "2020-04-05 19:33:05 +0000 UTC",
            "enabled_cluster_log_types": [],
            "endpoint": "https://F13603D291193567C8E9F73CC7D016A9.gr7.us-east-1.eks.amazonaws.com",
            "id": "eks-cluster",
            "identity": [
              {
                "oidc": [
                  {
                    "issuer": "https://oidc.eks.us-east-1.amazonaws.com/id/F13603D291193567C8E9F73CC7D016A9"
                  }
                ]
              }
            ],
            "name": "eks-cluster",
            "platform_version": "eks.1",
            "role_arn": "arn:aws:iam::236575081408:role/eks-cluster20200405193250886900000001",
            "status": "ACTIVE",
            "tags": {},
            "version": "1.15",
            "vpc_config": [
              {
                "cluster_security_group_id": "sg-0abae24b8559a09bb",
                "endpoint_private_access": false,
                "endpoint_public_access": true,
                "public_access_cidrs": [
                  "0.0.0.0/0"
                ],
                "security_group_ids": [
                  "sg-01ea4b0c9cc26f558"
                ],
                "subnet_ids": [
                  "subnet-020c5e358c7af1328",
                  "subnet-039f579ef463c8c78",
                  "subnet-08d51229dbb982411"
                ],
                "vpc_id": "vpc-087a757602d52f059"
              }
            ]
          }
        }
      ]
    },
    {
      "mode": "data",
      "type": "aws_eks_cluster_auth",
      "name": "cluster",
      "provider": "provider.aws",
      "instances": [
        {
          "schema_version": 0,
          "attributes": {
            "id": "2020-04-05 19:44:30.199278 +0000 UTC",
            "name": "eks-cluster",
            "token": "k8s-aws-v1.aHR0cHM6Ly9zdHMuYW1hem9uYXdzLmNvbS8_QWN0aW9uPUdldENhbGxlcklkZW50aXR5JlZlcnNpb249MjAxMS0wNi0xNSZYLUFtei1BbGdvcml0aG09QVdTNC1ITUFDLVNIQTI1NiZYLUFtei1DcmVkZW50aWFsPUFLSUFUT0ZIWklQQUIyR0JZVDdFJTJGMjAyMDA0MDUlMkZ1cy1lYXN0LTElMkZzdHMlMkZhd3M0X3JlcXVlc3QmWC1BbXotRGF0ZT0yMDIwMDQwNVQxOTQ0MzBaJlgtQW16LUV4cGlyZXM9MCZYLUFtei1TaWduZWRIZWFkZXJzPWhvc3QlM0J4LWs4cy1hd3MtaWQmWC1BbXotU2lnbmF0dXJlPWY0YzM0ZjFkOTNiMGFmNmI1NTdjZDM5OTYxZmQ1MDk4MGRmMDZkOTBlNWMyMTc1NWZmOThmMzQ4ODI3ZWE1ZmQ"
          }
        }
      ]
    },
    {
      "module": "module.eks-cluster",
      "mode": "data",
      "type": "aws_iam_instance_profile",
      "name": "custom_worker_group_iam_instance_profile",
      "each": "list",
      "provider": "provider.aws",
      "instances": []
    },
    {
      "module": "module.eks-cluster",
      "mode": "data",
      "type": "aws_iam_instance_profile",
      "name": "custom_worker_group_launch_template_iam_instance_profile",
      "each": "list",
      "provider": "provider.aws",
      "instances": []
    },
    {
      "module": "module.eks-cluster",
      "mode": "data",
      "type": "aws_iam_policy_document",
      "name": "cluster_assume_role_policy",
      "provider": "provider.aws",
      "instances": [
        {
          "schema_version": 0,
          "attributes": {
            "id": "2764486067",
            "json": "{\n  \"Version\": \"2012-10-17\",\n  \"Statement\": [\n    {\n      \"Sid\": \"EKSClusterAssumeRole\",\n      \"Effect\": \"Allow\",\n      \"Action\": \"sts:AssumeRole\",\n      \"Principal\": {\n        \"Service\": \"eks.amazonaws.com\"\n      }\n    }\n  ]\n}",
            "override_json": null,
            "policy_id": null,
            "source_json": null,
            "statement": [
              {
                "actions": [
                  "sts:AssumeRole"
                ],
                "condition": [],
                "effect": "Allow",
                "not_actions": [],
                "not_principals": [],
                "not_resources": [],
                "principals": [
                  {
                    "identifiers": [
                      "eks.amazonaws.com"
                    ],
                    "type": "Service"
                  }
                ],
                "resources": [],
                "sid": "EKSClusterAssumeRole"
              }
            ],
            "version": "2012-10-17"
          }
        }
      ]
    },
    {
      "module": "module.vpc",
      "mode": "data",
      "type": "aws_iam_policy_document",
      "name": "flow_log_cloudwatch_assume_role",
      "each": "list",
      "provider": "provider.aws",
      "instances": []
    },
    {
      "module": "module.vpc",
      "mode": "data",
      "type": "aws_iam_policy_document",
      "name": "vpc_flow_log_cloudwatch",
      "each": "list",
      "provider": "provider.aws",
      "instances": []
    },
    {
      "module": "module.eks-cluster",
      "mode": "data",
      "type": "aws_iam_policy_document",
      "name": "workers_assume_role_policy",
      "provider": "provider.aws",
      "instances": [
        {
          "schema_version": 0,
          "attributes": {
            "id": "3778018924",
            "json": "{\n  \"Version\": \"2012-10-17\",\n  \"Statement\": [\n    {\n      \"Sid\": \"EKSWorkerAssumeRole\",\n      \"Effect\": \"Allow\",\n      \"Action\": \"sts:AssumeRole\",\n      \"Principal\": {\n        \"Service\": \"ec2.amazonaws.com\"\n      }\n    }\n  ]\n}",
            "override_json": null,
            "policy_id": null,
            "source_json": null,
            "statement": [
              {
                "actions": [
                  "sts:AssumeRole"
                ],
                "condition": [],
                "effect": "Allow",
                "not_actions": [],
                "not_principals": [],
                "not_resources": [],
                "principals": [
                  {
                    "identifiers": [
                      "ec2.amazonaws.com"
                    ],
                    "type": "Service"
                  }
                ],
                "resources": [],
                "sid": "EKSWorkerAssumeRole"
              }
            ],
            "version": "2012-10-17"
          }
        }
      ]
    },
    {
      "module": "module.eks-cluster",
      "mode": "data",
      "type": "aws_iam_role",
      "name": "custom_cluster_iam_role",
      "each": "list",
      "provider": "provider.aws",
      "instances": []
    },
    {
      "module": "module.eks-cluster",
      "mode": "data",
      "type": "aws_partition",
      "name": "current",
      "provider": "provider.aws",
      "instances": [
        {
          "schema_version": 0,
          "attributes": {
            "dns_suffix": "amazonaws.com",
            "id": "2020-04-05 19:32:42.752847 +0000 UTC",
            "partition": "aws"
          }
        }
      ]
    },
    {
      "module": "module.vpc",
      "mode": "data",
      "type": "aws_vpc_endpoint_service",
      "name": "apigw",
      "each": "list",
      "provider": "provider.aws",
      "instances": []
    },
    {
      "module": "module.vpc",
      "mode": "data",
      "type": "aws_vpc_endpoint_service",
      "name": "appmesh_envoy_management",
      "each": "list",
      "provider": "provider.aws",
      "instances": []
    },
    {
      "module": "module.vpc",
      "mode": "data",
      "type": "aws_vpc_endpoint_service",
      "name": "appstream",
      "each": "list",
      "provider": "provider.aws",
      "instances": []
    },
    {
      "module": "module.vpc",
      "mode": "data",
      "type": "aws_vpc_endpoint_service",
      "name": "athena",
      "each": "list",
      "provider": "provider.aws",
      "instances": []
    },
    {
      "module": "module.vpc",
      "mode": "data",
      "type": "aws_vpc_endpoint_service",
      "name": "cloud_directory",
      "each": "list",
      "provider": "provider.aws",
      "instances": []
    },
    {
      "module": "module.vpc",
      "mode": "data",
      "type": "aws_vpc_endpoint_service",
      "name": "cloudformation",
      "each": "list",
      "provider": "provider.aws",
      "instances": []
    },
    {
      "module": "module.vpc",
      "mode": "data",
      "type": "aws_vpc_endpoint_service",
      "name": "cloudtrail",
      "each": "list",
      "provider": "provider.aws",
      "instances": []
    },
    {
      "module": "module.vpc",
      "mode": "data",
      "type": "aws_vpc_endpoint_service",
      "name": "codebuild",
      "each": "list",
      "provider": "provider.aws",
      "instances": []
    },
    {
      "module": "module.vpc",
      "mode": "data",
      "type": "aws_vpc_endpoint_service",
      "name": "codecommit",
      "each": "list",
      "provider": "provider.aws",
      "instances": []
    },
    {
      "module": "module.vpc",
      "mode": "data",
      "type": "aws_vpc_endpoint_service",
      "name": "codepipeline",
      "each": "list",
      "provider": "provider.aws",
      "instances": []
    },
    {
      "module": "module.vpc",
      "mode": "data",
      "type": "aws_vpc_endpoint_service",
      "name": "config",
      "each": "list",
      "provider": "provider.aws",
      "instances": []
    },
    {
      "module": "module.vpc",
      "mode": "data",
      "type": "aws_vpc_endpoint_service",
      "name": "dynamodb",
      "each": "list",
      "provider": "provider.aws",
      "instances": []
    },
    {
      "module": "module.vpc",
      "mode": "data",
      "type": "aws_vpc_endpoint_service",
      "name": "ec2",
      "each": "list",
      "provider": "provider.aws",
      "instances": []
    },
    {
      "module": "module.vpc",
      "mode": "data",
      "type": "aws_vpc_endpoint_service",
      "name": "ec2_autoscaling",
      "each": "list",
      "provider": "provider.aws",
      "instances": []
    },
    {
      "module": "module.vpc",
      "mode": "data",
      "type": "aws_vpc_endpoint_service",
      "name": "ec2messages",
      "each": "list",
      "provider": "provider.aws",
      "instances": []
    },
    {
      "module": "module.vpc",
      "mode": "data",
      "type": "aws_vpc_endpoint_service",
      "name": "ecr_api",
      "each": "list",
      "provider": "provider.aws",
      "instances": []
    },
    {
      "module": "module.vpc",
      "mode": "data",
      "type": "aws_vpc_endpoint_service",
      "name": "ecr_dkr",
      "each": "list",
      "provider": "provider.aws",
      "instances": []
    },
    {
      "module": "module.vpc",
      "mode": "data",
      "type": "aws_vpc_endpoint_service",
      "name": "ecs",
      "each": "list",
      "provider": "provider.aws",
      "instances": []
    },
    {
      "module": "module.vpc",
      "mode": "data",
      "type": "aws_vpc_endpoint_service",
      "name": "ecs_agent",
      "each": "list",
      "provider": "provider.aws",
      "instances": []
    },
    {
      "module": "module.vpc",
      "mode": "data",
      "type": "aws_vpc_endpoint_service",
      "name": "ecs_telemetry",
      "each": "list",
      "provider": "provider.aws",
      "instances": []
    },
    {
      "module": "module.vpc",
      "mode": "data",
      "type": "aws_vpc_endpoint_service",
      "name": "efs",
      "each": "list",
      "provider": "provider.aws",
      "instances": []
    },
    {
      "module": "module.vpc",
      "mode": "data",
      "type": "aws_vpc_endpoint_service",
      "name": "elasticloadbalancing",
      "each": "list",
      "provider": "provider.aws",
      "instances": []
    },
    {
      "module": "module.vpc",
      "mode": "data",
      "type": "aws_vpc_endpoint_service",
      "name": "events",
      "each": "list",
      "provider": "provider.aws",
      "instances": []
    },
    {
      "module": "module.vpc",
      "mode": "data",
      "type": "aws_vpc_endpoint_service",
      "name": "git_codecommit",
      "each": "list",
      "provider": "provider.aws",
      "instances": []
    },
    {
      "module": "module.vpc",
      "mode": "data",
      "type": "aws_vpc_endpoint_service",
      "name": "glue",
      "each": "list",
      "provider": "provider.aws",
      "instances": []
    },
    {
      "module": "module.vpc",
      "mode": "data",
      "type": "aws_vpc_endpoint_service",
      "name": "kinesis_firehose",
      "each": "list",
      "provider": "provider.aws",
      "instances": []
    },
    {
      "module": "module.vpc",
      "mode": "data",
      "type": "aws_vpc_endpoint_service",
      "name": "kinesis_streams",
      "each": "list",
      "provider": "provider.aws",
      "instances": []
    },
    {
      "module": "module.vpc",
      "mode": "data",
      "type": "aws_vpc_endpoint_service",
      "name": "kms",
      "each": "list",
      "provider": "provider.aws",
      "instances": []
    },
    {
      "module": "module.vpc",
      "mode": "data",
      "type": "aws_vpc_endpoint_service",
      "name": "logs",
      "each": "list",
      "provider": "provider.aws",
      "instances": []
    },
    {
      "module": "module.vpc",
      "mode": "data",
      "type": "aws_vpc_endpoint_service",
      "name": "monitoring",
      "each": "list",
      "provider": "provider.aws",
      "instances": []
    },
    {
      "module": "module.vpc",
      "mode": "data",
      "type": "aws_vpc_endpoint_service",
      "name": "rekognition",
      "each": "list",
      "provider": "provider.aws",
      "instances": []
    },
    {
      "module": "module.vpc",
      "mode": "data",
      "type": "aws_vpc_endpoint_service",
      "name": "s3",
      "each": "list",
      "provider": "provider.aws",
      "instances": []
    },
    {
      "module": "module.vpc",
      "mode": "data",
      "type": "aws_vpc_endpoint_service",
      "name": "sagemaker_api",
      "each": "list",
      "provider": "provider.aws",
      "instances": []
    },
    {
      "module": "module.vpc",
      "mode": "data",
      "type": "aws_vpc_endpoint_service",
      "name": "sagemaker_notebook",
      "each": "list",
      "provider": "provider.aws",
      "instances": []
    },
    {
      "module": "module.vpc",
      "mode": "data",
      "type": "aws_vpc_endpoint_service",
      "name": "sagemaker_runtime",
      "each": "list",
      "provider": "provider.aws",
      "instances": []
    },
    {
      "module": "module.vpc",
      "mode": "data",
      "type": "aws_vpc_endpoint_service",
      "name": "secretsmanager",
      "each": "list",
      "provider": "provider.aws",
      "instances": []
    },
    {
      "module": "module.vpc",
      "mode": "data",
      "type": "aws_vpc_endpoint_service",
      "name": "servicecatalog",
      "each": "list",
      "provider": "provider.aws",
      "instances": []
    },
    {
      "module": "module.vpc",
      "mode": "data",
      "type": "aws_vpc_endpoint_service",
      "name": "sns",
      "each": "list",
      "provider": "provider.aws",
      "instances": []
    },
    {
      "module": "module.vpc",
      "mode": "data",
      "type": "aws_vpc_endpoint_service",
      "name": "sqs",
      "each": "list",
      "provider": "provider.aws",
      "instances": []
    },
    {
      "module": "module.vpc",
      "mode": "data",
      "type": "aws_vpc_endpoint_service",
      "name": "ssm",
      "each": "list",
      "provider": "provider.aws",
      "instances": []
    },
    {
      "module": "module.vpc",
      "mode": "data",
      "type": "aws_vpc_endpoint_service",
      "name": "ssmmessages",
      "each": "list",
      "provider": "provider.aws",
      "instances": []
    },
    {
      "module": "module.vpc",
      "mode": "data",
      "type": "aws_vpc_endpoint_service",
      "name": "storagegateway",
      "each": "list",
      "provider": "provider.aws",
      "instances": []
    },
    {
      "module": "module.vpc",
      "mode": "data",
      "type": "aws_vpc_endpoint_service",
      "name": "sts",
      "each": "list",
      "provider": "provider.aws",
      "instances": []
    },
    {
      "module": "module.vpc",
      "mode": "data",
      "type": "aws_vpc_endpoint_service",
      "name": "transfer",
      "each": "list",
      "provider": "provider.aws",
      "instances": []
    },
    {
      "module": "module.vpc",
      "mode": "data",
      "type": "aws_vpc_endpoint_service",
      "name": "transferserver",
      "each": "list",
      "provider": "provider.aws",
      "instances": []
    },
    {
      "module": "module.eks-cluster",
      "mode": "data",
      "type": "null_data_source",
      "name": "node_groups",
      "each": "list",
      "provider": "provider.null",
      "instances": [
        {
          "index_key": 0,
          "schema_version": 0,
          "attributes": {
            "has_computed_default": "default",
            "id": "static",
            "inputs": {
              "aws_auth": "kube-system/aws-auth",
              "cluster_name": "eks-cluster",
              "role_CNI_Policy": "eks-cluster20200405194430236200000005-2020040519443203620000000a",
              "role_Container": "eks-cluster20200405194430236200000005-20200405194431987000000008",
              "role_NodePolicy": "eks-cluster20200405194430236200000005-20200405194432001400000009"
            },
            "outputs": {
              "aws_auth": "kube-system/aws-auth",
              "cluster_name": "eks-cluster",
              "role_CNI_Policy": "eks-cluster20200405194430236200000005-2020040519443203620000000a",
              "role_Container": "eks-cluster20200405194430236200000005-20200405194431987000000008",
              "role_NodePolicy": "eks-cluster20200405194430236200000005-20200405194432001400000009"
            },
            "random": "6738445155950696419"
          }
        }
      ]
    },
    {
      "module": "module.eks-cluster",
      "mode": "data",
      "type": "template_file",
      "name": "aws_authenticator_env_variables",
      "each": "list",
      "provider": "provider.template",
      "instances": []
    },
    {
      "module": "module.eks-cluster",
      "mode": "data",
      "type": "template_file",
      "name": "kubeconfig",
      "each": "list",
      "provider": "provider.template",
      "instances": [
        {
          "index_key": 0,
          "schema_version": 0,
          "attributes": {
            "filename": null,
            "id": "a785c5fc4fd42504125a31edac1f2f72649ec6c17020b1662a45deef38c63ad8",
            "rendered": "apiVersion: v1\npreferences: {}\nkind: Config\n\nclusters:\n- cluster:\n    server: https://F13603D291193567C8E9F73CC7D016A9.gr7.us-east-1.eks.amazonaws.com\n    certificate-authority-data: LS0tLS1CRUdJTiBDRVJUSUZJQ0FURS0tLS0tCk1JSUN5RENDQWJDZ0F3SUJBZ0lCQURBTkJna3Foa2lHOXcwQkFRc0ZBREFWTVJNd0VRWURWUVFERXdwcmRXSmwKY201bGRHVnpNQjRYRFRJd01EUXdOVEU1TkRFek1Gb1hEVE13TURRd016RTVOREV6TUZvd0ZURVRNQkVHQTFVRQpBeE1LYTNWaVpYSnVaWFJsY3pDQ0FTSXdEUVlKS29aSWh2Y05BUUVCQlFBRGdnRVBBRENDQVFvQ2dnRUJBT1ZMCnFhQjY4UGducjUxMzR1THM4RW9UellaTnhvWTZDM1NCdFVZeFJvSjZDSDVzQzZQSSsvN3EyWlQxZUo3a0lVekIKS0hmcEt1QU1BSDdYV0I0blIxYUJGZHdxSzRLQWNERmNsb0h3QlR2bFA2ZTVZZ2hYM3ZIWm5MejMzMngzMktLVgowQlNOa1k2ZE5pVEV5QlMyQmZyeGZRUWwxZ0RQTUgxVnhUdWtiOFJKZVQ5dVl1UEluU1dub1ZreXk2Zm1tRE9vCmt5RWF1Ri9rNHcwczU1bnZVcFROWVFmOEpEY0hMdjFXbFp2a1BpQ2pLaCs1ZkQxMXlvZ3NFZTdBRjhlTzhEd0UKMS9ET0hHVnpBVjlhNGxnMkNkTUoyczhEenJRbFpHSmFDWUtQbXF6b1JpRG5USzJoNGNQNTJmU1F4U1FnT2NaLwptaytyRU0vdUMvUmE2NTFHWFRVQ0F3RUFBYU1qTUNFd0RnWURWUjBQQVFIL0JBUURBZ0trTUE4R0ExVWRFd0VCCi93UUZNQU1CQWY4d0RRWUpLb1pJaHZjTkFRRUxCUUFEZ2dFQkFIZ3lvWlRSSVBQbUtzOEJQeW5CU09XK0lqamUKT3ZFZ05QWmwwajRTaHR4cWdUMHlyRU9Ka3VhRzk0RXFJbEh6U29Xck5LbitROGROaHNESUc1Um5rY1B2MWJCNApzaUREenFZMnFiczRYc3plKzlmOFdTL0tWS2swVXpJSHRzQ0xXMmxFQ0pLZEpNTU0wMFZFUThCbTlHOUlWMURPClhOcEljakJOanFRY0M0S3dqbzVPQ21WOHNNVEJlUXJUbGg2VHM4akhRUTc1K2ViUzZIbjlDUzBLckNuNWpXTk0Kc2UwbGVpTzROL29NM0NiYndtbldqekdEbk1nRGtBazFNY0I4QTU2VWR2R0tVRTVPUTVmd2E2NTV6WG5HY0NsbAoyK2xVZ1l2cXJyRm1hd2V2ZCt3T2UzYTd2UktFcHIwTThuSzFJS256WkVWNU5hZ1ZBaTlVL3lJWHVEND0KLS0tLS1FTkQgQ0VSVElGSUNBVEUtLS0tLQo=\n  name: eks_eks-cluster\n\ncontexts:\n- context:\n    cluster: eks_eks-cluster\n    user: eks_eks-cluster\n  name: eks_eks-cluster\n\ncurrent-context: eks_eks-cluster\n\nusers:\n- name: eks_eks-cluster\n  user:\n    exec:\n      apiVersion: client.authentication.k8s.io/v1alpha1\n      command: aws-iam-authenticator\n      args:\n        - \"token\"\n        - \"-i\"\n        - \"eks-cluster\"\n\n\n",
            "template": "apiVersion: v1\npreferences: {}\nkind: Config\n\nclusters:\n- cluster:\n    server: ${endpoint}\n    certificate-authority-data: ${cluster_auth_base64}\n  name: ${kubeconfig_name}\n\ncontexts:\n- context:\n    cluster: ${kubeconfig_name}\n    user: ${kubeconfig_name}\n  name: ${kubeconfig_name}\n\ncurrent-context: ${kubeconfig_name}\n\nusers:\n- name: ${kubeconfig_name}\n  user:\n    exec:\n      apiVersion: client.authentication.k8s.io/v1alpha1\n      command: ${aws_authenticator_command}\n      args:\n${aws_authenticator_command_args}\n${aws_authenticator_additional_args}\n${aws_authenticator_env_variables}\n",
            "vars": {
              "aws_authenticator_additional_args": "",
              "aws_authenticator_command": "aws-iam-authenticator",
              "aws_authenticator_command_args": "        - \"token\"\n        - \"-i\"\n        - \"eks-cluster\"",
              "aws_authenticator_env_variables": "",
              "cluster_auth_base64": "LS0tLS1CRUdJTiBDRVJUSUZJQ0FURS0tLS0tCk1JSUN5RENDQWJDZ0F3SUJBZ0lCQURBTkJna3Foa2lHOXcwQkFRc0ZBREFWTVJNd0VRWURWUVFERXdwcmRXSmwKY201bGRHVnpNQjRYRFRJd01EUXdOVEU1TkRFek1Gb1hEVE13TURRd016RTVOREV6TUZvd0ZURVRNQkVHQTFVRQpBeE1LYTNWaVpYSnVaWFJsY3pDQ0FTSXdEUVlKS29aSWh2Y05BUUVCQlFBRGdnRVBBRENDQVFvQ2dnRUJBT1ZMCnFhQjY4UGducjUxMzR1THM4RW9UellaTnhvWTZDM1NCdFVZeFJvSjZDSDVzQzZQSSsvN3EyWlQxZUo3a0lVekIKS0hmcEt1QU1BSDdYV0I0blIxYUJGZHdxSzRLQWNERmNsb0h3QlR2bFA2ZTVZZ2hYM3ZIWm5MejMzMngzMktLVgowQlNOa1k2ZE5pVEV5QlMyQmZyeGZRUWwxZ0RQTUgxVnhUdWtiOFJKZVQ5dVl1UEluU1dub1ZreXk2Zm1tRE9vCmt5RWF1Ri9rNHcwczU1bnZVcFROWVFmOEpEY0hMdjFXbFp2a1BpQ2pLaCs1ZkQxMXlvZ3NFZTdBRjhlTzhEd0UKMS9ET0hHVnpBVjlhNGxnMkNkTUoyczhEenJRbFpHSmFDWUtQbXF6b1JpRG5USzJoNGNQNTJmU1F4U1FnT2NaLwptaytyRU0vdUMvUmE2NTFHWFRVQ0F3RUFBYU1qTUNFd0RnWURWUjBQQVFIL0JBUURBZ0trTUE4R0ExVWRFd0VCCi93UUZNQU1CQWY4d0RRWUpLb1pJaHZjTkFRRUxCUUFEZ2dFQkFIZ3lvWlRSSVBQbUtzOEJQeW5CU09XK0lqamUKT3ZFZ05QWmwwajRTaHR4cWdUMHlyRU9Ka3VhRzk0RXFJbEh6U29Xck5LbitROGROaHNESUc1Um5rY1B2MWJCNApzaUREenFZMnFiczRYc3plKzlmOFdTL0tWS2swVXpJSHRzQ0xXMmxFQ0pLZEpNTU0wMFZFUThCbTlHOUlWMURPClhOcEljakJOanFRY0M0S3dqbzVPQ21WOHNNVEJlUXJUbGg2VHM4akhRUTc1K2ViUzZIbjlDUzBLckNuNWpXTk0Kc2UwbGVpTzROL29NM0NiYndtbldqekdEbk1nRGtBazFNY0I4QTU2VWR2R0tVRTVPUTVmd2E2NTV6WG5HY0NsbAoyK2xVZ1l2cXJyRm1hd2V2ZCt3T2UzYTd2UktFcHIwTThuSzFJS256WkVWNU5hZ1ZBaTlVL3lJWHVEND0KLS0tLS1FTkQgQ0VSVElGSUNBVEUtLS0tLQo=",
              "endpoint": "https://F13603D291193567C8E9F73CC7D016A9.gr7.us-east-1.eks.amazonaws.com",
              "kubeconfig_name": "eks_eks-cluster"
            }
          }
        }
      ]
    },
    {
      "module": "module.eks-cluster",
      "mode": "data",
      "type": "template_file",
      "name": "launch_template_userdata",
      "each": "list",
      "provider": "provider.template",
      "instances": []
    },
    {
      "module": "module.eks-cluster",
      "mode": "data",
      "type": "template_file",
      "name": "userdata",
      "each": "list",
      "provider": "provider.template",
      "instances": [
        {
          "index_key": 0,
          "schema_version": 0,
          "attributes": {
            "filename": null,
            "id": "0a71cab28ca386383d481ae28c7f8cac560101a2b3f1c8081baa60c2a6bd2d4f",
            "rendered": "#!/bin/bash -xe\n\n# Allow user supplied pre userdata code\n\n\n# Bootstrap and join the cluster\n/etc/eks/bootstrap.sh --b64-cluster-ca 'LS0tLS1CRUdJTiBDRVJUSUZJQ0FURS0tLS0tCk1JSUN5RENDQWJDZ0F3SUJBZ0lCQURBTkJna3Foa2lHOXcwQkFRc0ZBREFWTVJNd0VRWURWUVFERXdwcmRXSmwKY201bGRHVnpNQjRYRFRJd01EUXdOVEU1TkRFek1Gb1hEVE13TURRd016RTVOREV6TUZvd0ZURVRNQkVHQTFVRQpBeE1LYTNWaVpYSnVaWFJsY3pDQ0FTSXdEUVlKS29aSWh2Y05BUUVCQlFBRGdnRVBBRENDQVFvQ2dnRUJBT1ZMCnFhQjY4UGducjUxMzR1THM4RW9UellaTnhvWTZDM1NCdFVZeFJvSjZDSDVzQzZQSSsvN3EyWlQxZUo3a0lVekIKS0hmcEt1QU1BSDdYV0I0blIxYUJGZHdxSzRLQWNERmNsb0h3QlR2bFA2ZTVZZ2hYM3ZIWm5MejMzMngzMktLVgowQlNOa1k2ZE5pVEV5QlMyQmZyeGZRUWwxZ0RQTUgxVnhUdWtiOFJKZVQ5dVl1UEluU1dub1ZreXk2Zm1tRE9vCmt5RWF1Ri9rNHcwczU1bnZVcFROWVFmOEpEY0hMdjFXbFp2a1BpQ2pLaCs1ZkQxMXlvZ3NFZTdBRjhlTzhEd0UKMS9ET0hHVnpBVjlhNGxnMkNkTUoyczhEenJRbFpHSmFDWUtQbXF6b1JpRG5USzJoNGNQNTJmU1F4U1FnT2NaLwptaytyRU0vdUMvUmE2NTFHWFRVQ0F3RUFBYU1qTUNFd0RnWURWUjBQQVFIL0JBUURBZ0trTUE4R0ExVWRFd0VCCi93UUZNQU1CQWY4d0RRWUpLb1pJaHZjTkFRRUxCUUFEZ2dFQkFIZ3lvWlRSSVBQbUtzOEJQeW5CU09XK0lqamUKT3ZFZ05QWmwwajRTaHR4cWdUMHlyRU9Ka3VhRzk0RXFJbEh6U29Xck5LbitROGROaHNESUc1Um5rY1B2MWJCNApzaUREenFZMnFiczRYc3plKzlmOFdTL0tWS2swVXpJSHRzQ0xXMmxFQ0pLZEpNTU0wMFZFUThCbTlHOUlWMURPClhOcEljakJOanFRY0M0S3dqbzVPQ21WOHNNVEJlUXJUbGg2VHM4akhRUTc1K2ViUzZIbjlDUzBLckNuNWpXTk0Kc2UwbGVpTzROL29NM0NiYndtbldqekdEbk1nRGtBazFNY0I4QTU2VWR2R0tVRTVPUTVmd2E2NTV6WG5HY0NsbAoyK2xVZ1l2cXJyRm1hd2V2ZCt3T2UzYTd2UktFcHIwTThuSzFJS256WkVWNU5hZ1ZBaTlVL3lJWHVEND0KLS0tLS1FTkQgQ0VSVElGSUNBVEUtLS0tLQo=' --apiserver-endpoint 'https://F13603D291193567C8E9F73CC7D016A9.gr7.us-east-1.eks.amazonaws.com'  --kubelet-extra-args \"\" 'eks-cluster'\n\n# Allow user supplied userdata code\n\n",
            "template": "#!/bin/bash -xe\n\n# Allow user supplied pre userdata code\n${pre_userdata}\n\n# Bootstrap and join the cluster\n/etc/eks/bootstrap.sh --b64-cluster-ca '${cluster_auth_base64}' --apiserver-endpoint '${endpoint}' ${bootstrap_extra_args} --kubelet-extra-args \"${kubelet_extra_args}\" '${cluster_name}'\n\n# Allow user supplied userdata code\n${additional_userdata}\n",
            "vars": {
              "additional_userdata": "",
              "bootstrap_extra_args": "",
              "cluster_auth_base64": "LS0tLS1CRUdJTiBDRVJUSUZJQ0FURS0tLS0tCk1JSUN5RENDQWJDZ0F3SUJBZ0lCQURBTkJna3Foa2lHOXcwQkFRc0ZBREFWTVJNd0VRWURWUVFERXdwcmRXSmwKY201bGRHVnpNQjRYRFRJd01EUXdOVEU1TkRFek1Gb1hEVE13TURRd016RTVOREV6TUZvd0ZURVRNQkVHQTFVRQpBeE1LYTNWaVpYSnVaWFJsY3pDQ0FTSXdEUVlKS29aSWh2Y05BUUVCQlFBRGdnRVBBRENDQVFvQ2dnRUJBT1ZMCnFhQjY4UGducjUxMzR1THM4RW9UellaTnhvWTZDM1NCdFVZeFJvSjZDSDVzQzZQSSsvN3EyWlQxZUo3a0lVekIKS0hmcEt1QU1BSDdYV0I0blIxYUJGZHdxSzRLQWNERmNsb0h3QlR2bFA2ZTVZZ2hYM3ZIWm5MejMzMngzMktLVgowQlNOa1k2ZE5pVEV5QlMyQmZyeGZRUWwxZ0RQTUgxVnhUdWtiOFJKZVQ5dVl1UEluU1dub1ZreXk2Zm1tRE9vCmt5RWF1Ri9rNHcwczU1bnZVcFROWVFmOEpEY0hMdjFXbFp2a1BpQ2pLaCs1ZkQxMXlvZ3NFZTdBRjhlTzhEd0UKMS9ET0hHVnpBVjlhNGxnMkNkTUoyczhEenJRbFpHSmFDWUtQbXF6b1JpRG5USzJoNGNQNTJmU1F4U1FnT2NaLwptaytyRU0vdUMvUmE2NTFHWFRVQ0F3RUFBYU1qTUNFd0RnWURWUjBQQVFIL0JBUURBZ0trTUE4R0ExVWRFd0VCCi93UUZNQU1CQWY4d0RRWUpLb1pJaHZjTkFRRUxCUUFEZ2dFQkFIZ3lvWlRSSVBQbUtzOEJQeW5CU09XK0lqamUKT3ZFZ05QWmwwajRTaHR4cWdUMHlyRU9Ka3VhRzk0RXFJbEh6U29Xck5LbitROGROaHNESUc1Um5rY1B2MWJCNApzaUREenFZMnFiczRYc3plKzlmOFdTL0tWS2swVXpJSHRzQ0xXMmxFQ0pLZEpNTU0wMFZFUThCbTlHOUlWMURPClhOcEljakJOanFRY0M0S3dqbzVPQ21WOHNNVEJlUXJUbGg2VHM4akhRUTc1K2ViUzZIbjlDUzBLckNuNWpXTk0Kc2UwbGVpTzROL29NM0NiYndtbldqekdEbk1nRGtBazFNY0I4QTU2VWR2R0tVRTVPUTVmd2E2NTV6WG5HY0NsbAoyK2xVZ1l2cXJyRm1hd2V2ZCt3T2UzYTd2UktFcHIwTThuSzFJS256WkVWNU5hZ1ZBaTlVL3lJWHVEND0KLS0tLS1FTkQgQ0VSVElGSUNBVEUtLS0tLQo=",
              "cluster_name": "eks-cluster",
              "endpoint": "https://F13603D291193567C8E9F73CC7D016A9.gr7.us-east-1.eks.amazonaws.com",
              "kubelet_extra_args": "",
              "platform": "linux",
              "pre_userdata": ""
            }
          }
        }
      ]
    },
    {
      "module": "module.eks-cluster",
      "mode": "managed",
      "type": "aws_autoscaling_group",
      "name": "workers",
      "each": "list",
      "provider": "provider.aws",
      "instances": [
        {
          "index_key": 0,
          "schema_version": 0,
          "attributes": {
            "arn": "arn:aws:autoscaling:us-east-1:236575081408:autoScalingGroup:e8446145-7f02-4838-bfa3-32a9e4c99d6f:autoScalingGroupName/eks-cluster-worker-group-12020040519444041360000000c",
            "availability_zones": [
              "us-east-1a",
              "us-east-1b",
              "us-east-1c"
            ],
            "default_cooldown": 300,
            "desired_capacity": 3,
            "enabled_metrics": null,
            "force_delete": false,
            "health_check_grace_period": 300,
            "health_check_type": "EC2",
            "id": "eks-cluster-worker-group-12020040519444041360000000c",
            "initial_lifecycle_hook": [],
            "launch_configuration": "eks-cluster-worker-group-12020040519443571060000000b",
            "launch_template": [],
            "load_balancers": [],
            "max_instance_lifetime": 0,
            "max_size": 3,
            "metrics_granularity": "1Minute",
            "min_elb_capacity": null,
            "min_size": 1,
            "mixed_instances_policy": [],
            "name": "eks-cluster-worker-group-12020040519444041360000000c",
            "name_prefix": "eks-cluster-worker-group-1",
            "placement_group": "",
            "protect_from_scale_in": false,
            "service_linked_role_arn": "arn:aws:iam::236575081408:role/aws-service-role/autoscaling.amazonaws.com/AWSServiceRoleForAutoScaling",
            "suspended_processes": [
              "AZRebalance"
            ],
            "tag": [],
            "tags": [
              {
                "key": "Name",
                "propagate_at_launch": "true",
                "value": "eks-cluster-worker-group-1-eks_asg"
              },
              {
                "key": "kubernetes.io/cluster/eks-cluster",
                "propagate_at_launch": "true",
                "value": "owned"
              },
              {
                "key": "k8s.io/cluster/eks-cluster",
                "propagate_at_launch": "true",
                "value": "owned"
              }
            ],
            "target_group_arns": [],
            "termination_policies": [],
            "timeouts": null,
            "vpc_zone_identifier": [
              "subnet-020c5e358c7af1328",
              "subnet-039f579ef463c8c78",
              "subnet-08d51229dbb982411"
            ],
            "wait_for_capacity_timeout": "10m",
            "wait_for_elb_capacity": null
          },
          "private": "eyJlMmJmYjczMC1lY2FhLTExZTYtOGY4OC0zNDM2M2JjN2M0YzAiOnsiZGVsZXRlIjo2MDAwMDAwMDAwMDB9fQ==",
          "dependencies": [
            "module.eks-cluster.aws_cloudwatch_log_group.this",
            "module.eks-cluster.aws_eks_cluster.this",
            "module.eks-cluster.aws_iam_instance_profile.workers",
            "module.eks-cluster.aws_iam_role.cluster",
            "module.eks-cluster.aws_iam_role.workers",
            "module.eks-cluster.aws_iam_role_policy_attachment.cluster_AmazonEKSClusterPolicy",
            "module.eks-cluster.aws_iam_role_policy_attachment.cluster_AmazonEKSServicePolicy",
            "module.eks-cluster.aws_launch_configuration.workers",
            "module.eks-cluster.aws_security_group.cluster",
            "module.eks-cluster.aws_security_group.workers",
            "module.eks-cluster.random_pet.workers",
            "module.vpc.aws_subnet.private",
            "module.vpc.aws_vpc.this",
            "module.vpc.aws_vpc_ipv4_cidr_block_association.this"
          ]
        }
      ]
    },
    {
      "module": "module.eks-cluster",
      "mode": "managed",
      "type": "aws_autoscaling_group",
      "name": "workers_launch_template",
      "each": "list",
      "provider": "provider.aws",
      "instances": []
    },
    {
      "module": "module.vpc",
      "mode": "managed",
      "type": "aws_cloudwatch_log_group",
      "name": "flow_log",
      "each": "list",
      "provider": "provider.aws",
      "instances": []
    },
    {
      "module": "module.eks-cluster",
      "mode": "managed",
      "type": "aws_cloudwatch_log_group",
      "name": "this",
      "each": "list",
      "provider": "provider.aws",
      "instances": []
    },
    {
      "module": "module.vpc",
      "mode": "managed",
      "type": "aws_customer_gateway",
      "name": "this",
      "each": "map",
      "provider": "provider.aws",
      "instances": []
    },
    {
      "module": "module.vpc",
      "mode": "managed",
      "type": "aws_db_subnet_group",
      "name": "database",
      "each": "list",
      "provider": "provider.aws",
      "instances": []
    },
    {
      "module": "module.vpc",
      "mode": "managed",
      "type": "aws_default_network_acl",
      "name": "this",
      "each": "list",
      "provider": "provider.aws",
      "instances": []
    },
    {
      "module": "module.vpc",
      "mode": "managed",
      "type": "aws_default_vpc",
      "name": "this",
      "each": "list",
      "provider": "provider.aws",
      "instances": []
    },
    {
      "module": "module.vpc",
      "mode": "managed",
      "type": "aws_egress_only_internet_gateway",
      "name": "this",
      "each": "list",
      "provider": "provider.aws",
      "instances": []
    },
    {
      "module": "module.vpc",
      "mode": "managed",
      "type": "aws_eip",
      "name": "nat",
      "each": "list",
      "provider": "provider.aws",
      "instances": [
        {
          "index_key": 0,
          "schema_version": 0,
          "attributes": {
            "allocation_id": null,
            "associate_with_private_ip": null,
            "association_id": "",
            "domain": "vpc",
            "id": "eipalloc-04e3c8ff96b8e5a27",
            "instance": "",
            "network_interface": "",
            "private_dns": null,
            "private_ip": "",
            "public_dns": "ec2-3-222-32-190.compute-1.amazonaws.com",
            "public_ip": "3.222.32.190",
            "public_ipv4_pool": "amazon",
            "tags": {
              "Environment": "dev",
              "Name": "eks-vpc-us-east-1a",
              "Terraform": "true"
            },
            "timeouts": null,
            "vpc": true
          },
          "private": "eyJlMmJmYjczMC1lY2FhLTExZTYtOGY4OC0zNDM2M2JjN2M0YzAiOnsiZGVsZXRlIjoxODAwMDAwMDAwMDAsInJlYWQiOjkwMDAwMDAwMDAwMCwidXBkYXRlIjozMDAwMDAwMDAwMDB9fQ=="
        }
      ]
    },
    {
      "module": "module.eks-cluster",
      "mode": "managed",
      "type": "aws_eks_cluster",
      "name": "this",
      "each": "list",
      "provider": "provider.aws",
      "instances": [
        {
          "index_key": 0,
          "schema_version": 0,
          "attributes": {
            "arn": "arn:aws:eks:us-east-1:236575081408:cluster/eks-cluster",
            "certificate_authority": [
              {
                "data": "LS0tLS1CRUdJTiBDRVJUSUZJQ0FURS0tLS0tCk1JSUN5RENDQWJDZ0F3SUJBZ0lCQURBTkJna3Foa2lHOXcwQkFRc0ZBREFWTVJNd0VRWURWUVFERXdwcmRXSmwKY201bGRHVnpNQjRYRFRJd01EUXdOVEU1TkRFek1Gb1hEVE13TURRd016RTVOREV6TUZvd0ZURVRNQkVHQTFVRQpBeE1LYTNWaVpYSnVaWFJsY3pDQ0FTSXdEUVlKS29aSWh2Y05BUUVCQlFBRGdnRVBBRENDQVFvQ2dnRUJBT1ZMCnFhQjY4UGducjUxMzR1THM4RW9UellaTnhvWTZDM1NCdFVZeFJvSjZDSDVzQzZQSSsvN3EyWlQxZUo3a0lVekIKS0hmcEt1QU1BSDdYV0I0blIxYUJGZHdxSzRLQWNERmNsb0h3QlR2bFA2ZTVZZ2hYM3ZIWm5MejMzMngzMktLVgowQlNOa1k2ZE5pVEV5QlMyQmZyeGZRUWwxZ0RQTUgxVnhUdWtiOFJKZVQ5dVl1UEluU1dub1ZreXk2Zm1tRE9vCmt5RWF1Ri9rNHcwczU1bnZVcFROWVFmOEpEY0hMdjFXbFp2a1BpQ2pLaCs1ZkQxMXlvZ3NFZTdBRjhlTzhEd0UKMS9ET0hHVnpBVjlhNGxnMkNkTUoyczhEenJRbFpHSmFDWUtQbXF6b1JpRG5USzJoNGNQNTJmU1F4U1FnT2NaLwptaytyRU0vdUMvUmE2NTFHWFRVQ0F3RUFBYU1qTUNFd0RnWURWUjBQQVFIL0JBUURBZ0trTUE4R0ExVWRFd0VCCi93UUZNQU1CQWY4d0RRWUpLb1pJaHZjTkFRRUxCUUFEZ2dFQkFIZ3lvWlRSSVBQbUtzOEJQeW5CU09XK0lqamUKT3ZFZ05QWmwwajRTaHR4cWdUMHlyRU9Ka3VhRzk0RXFJbEh6U29Xck5LbitROGROaHNESUc1Um5rY1B2MWJCNApzaUREenFZMnFiczRYc3plKzlmOFdTL0tWS2swVXpJSHRzQ0xXMmxFQ0pLZEpNTU0wMFZFUThCbTlHOUlWMURPClhOcEljakJOanFRY0M0S3dqbzVPQ21WOHNNVEJlUXJUbGg2VHM4akhRUTc1K2ViUzZIbjlDUzBLckNuNWpXTk0Kc2UwbGVpTzROL29NM0NiYndtbldqekdEbk1nRGtBazFNY0I4QTU2VWR2R0tVRTVPUTVmd2E2NTV6WG5HY0NsbAoyK2xVZ1l2cXJyRm1hd2V2ZCt3T2UzYTd2UktFcHIwTThuSzFJS256WkVWNU5hZ1ZBaTlVL3lJWHVEND0KLS0tLS1FTkQgQ0VSVElGSUNBVEUtLS0tLQo="
              }
            ],
            "created_at": "2020-04-05 19:33:05 +0000 UTC",
            "enabled_cluster_log_types": null,
            "encryption_config": [],
            "endpoint": "https://F13603D291193567C8E9F73CC7D016A9.gr7.us-east-1.eks.amazonaws.com",
            "id": "eks-cluster",
            "identity": [
              {
                "oidc": [
                  {
                    "issuer": "https://oidc.eks.us-east-1.amazonaws.com/id/F13603D291193567C8E9F73CC7D016A9"
                  }
                ]
              }
            ],
            "name": "eks-cluster",
            "platform_version": "eks.1",
            "role_arn": "arn:aws:iam::236575081408:role/eks-cluster20200405193250886900000001",
            "status": "ACTIVE",
            "tags": null,
            "timeouts": {
              "create": "30m",
              "delete": "15m",
              "update": null
            },
            "version": "1.15",
            "vpc_config": [
              {
                "cluster_security_group_id": "sg-0abae24b8559a09bb",
                "endpoint_private_access": false,
                "endpoint_public_access": true,
                "public_access_cidrs": [
                  "0.0.0.0/0"
                ],
                "security_group_ids": [
                  "sg-01ea4b0c9cc26f558"
                ],
                "subnet_ids": [
                  "subnet-020c5e358c7af1328",
                  "subnet-039f579ef463c8c78",
                  "subnet-08d51229dbb982411"
                ],
                "vpc_id": "vpc-087a757602d52f059"
              }
            ]
          },
          "private": "eyJlMmJmYjczMC1lY2FhLTExZTYtOGY4OC0zNDM2M2JjN2M0YzAiOnsiY3JlYXRlIjoxODAwMDAwMDAwMDAwLCJkZWxldGUiOjkwMDAwMDAwMDAwMCwidXBkYXRlIjozNjAwMDAwMDAwMDAwfX0=",
          "dependencies": [
            "module.eks-cluster.aws_cloudwatch_log_group.this",
            "module.eks-cluster.aws_iam_role.cluster",
            "module.eks-cluster.aws_iam_role_policy_attachment.cluster_AmazonEKSClusterPolicy",
            "module.eks-cluster.aws_iam_role_policy_attachment.cluster_AmazonEKSServicePolicy",
            "module.eks-cluster.aws_security_group.cluster",
            "module.vpc.aws_subnet.private",
            "module.vpc.aws_vpc.this",
            "module.vpc.aws_vpc_ipv4_cidr_block_association.this"
          ]
        }
      ]
    },
    {
      "module": "module.eks-cluster.module.node_groups",
      "mode": "managed",
      "type": "aws_eks_node_group",
      "name": "workers",
      "each": "map",
      "provider": "provider.aws",
      "instances": []
    },
    {
      "module": "module.vpc",
      "mode": "managed",
      "type": "aws_elasticache_subnet_group",
      "name": "elasticache",
      "each": "list",
      "provider": "provider.aws",
      "instances": []
    },
    {
      "module": "module.vpc",
      "mode": "managed",
      "type": "aws_flow_log",
      "name": "this",
      "each": "list",
      "provider": "provider.aws",
      "instances": []
    },
    {
      "module": "module.eks-cluster",
      "mode": "managed",
      "type": "aws_iam_instance_profile",
      "name": "workers",
      "each": "list",
      "provider": "provider.aws",
      "instances": [
        {
          "index_key": 0,
          "schema_version": 0,
          "attributes": {
            "arn": "arn:aws:iam::236575081408:instance-profile/eks-cluster20200405194431461700000007",
            "create_date": "2020-04-05T19:44:31Z",
            "id": "eks-cluster20200405194431461700000007",
            "name": "eks-cluster20200405194431461700000007",
            "name_prefix": "eks-cluster",
            "path": "/",
            "role": "eks-cluster20200405194430236200000005",
            "roles": [],
            "unique_id": "AIPATOFHZIPABELBUTASI"
          },
          "private": "bnVsbA==",
          "dependencies": [
            "module.eks-cluster.aws_cloudwatch_log_group.this",
            "module.eks-cluster.aws_eks_cluster.this",
            "module.eks-cluster.aws_iam_role.cluster",
            "module.eks-cluster.aws_iam_role.workers",
            "module.eks-cluster.aws_iam_role_policy_attachment.cluster_AmazonEKSClusterPolicy",
            "module.eks-cluster.aws_iam_role_policy_attachment.cluster_AmazonEKSServicePolicy",
            "module.eks-cluster.aws_security_group.cluster",
            "module.vpc.aws_subnet.private",
            "module.vpc.aws_vpc.this",
            "module.vpc.aws_vpc_ipv4_cidr_block_association.this"
          ]
        }
      ]
    },
    {
      "module": "module.eks-cluster",
      "mode": "managed",
      "type": "aws_iam_instance_profile",
      "name": "workers_launch_template",
      "each": "list",
      "provider": "provider.aws",
      "instances": []
    },
    {
      "module": "module.eks-cluster",
      "mode": "managed",
      "type": "aws_iam_openid_connect_provider",
      "name": "oidc_provider",
      "each": "list",
      "provider": "provider.aws",
      "instances": []
    },
    {
      "module": "module.vpc",
      "mode": "managed",
      "type": "aws_iam_policy",
      "name": "vpc_flow_log_cloudwatch",
      "each": "list",
      "provider": "provider.aws",
      "instances": []
    },
    {
      "module": "module.eks-cluster",
      "mode": "managed",
      "type": "aws_iam_role",
      "name": "cluster",
      "each": "list",
      "provider": "provider.aws",
      "instances": [
        {
          "index_key": 0,
          "schema_version": 0,
          "attributes": {
            "arn": "arn:aws:iam::236575081408:role/eks-cluster20200405193250886900000001",
            "assume_role_policy": "{\"Version\":\"2012-10-17\",\"Statement\":[{\"Sid\":\"EKSClusterAssumeRole\",\"Effect\":\"Allow\",\"Principal\":{\"Service\":\"eks.amazonaws.com\"},\"Action\":\"sts:AssumeRole\"}]}",
            "create_date": "2020-04-05T19:32:51Z",
            "description": "",
            "force_detach_policies": true,
            "id": "eks-cluster20200405193250886900000001",
            "max_session_duration": 3600,
            "name": "eks-cluster20200405193250886900000001",
            "name_prefix": "eks-cluster",
            "path": "/",
            "permissions_boundary": null,
            "tags": null,
            "unique_id": "AROATOFHZIPAEVCEJVAFQ"
          },
          "private": "bnVsbA=="
        }
      ]
    },
    {
      "module": "module.vpc",
      "mode": "managed",
      "type": "aws_iam_role",
      "name": "vpc_flow_log_cloudwatch",
      "each": "list",
      "provider": "provider.aws",
      "instances": []
    },
    {
      "module": "module.eks-cluster",
      "mode": "managed",
      "type": "aws_iam_role",
      "name": "workers",
      "each": "list",
      "provider": "provider.aws",
      "instances": [
        {
          "index_key": 0,
          "schema_version": 0,
          "attributes": {
            "arn": "arn:aws:iam::236575081408:role/eks-cluster20200405194430236200000005",
            "assume_role_policy": "{\"Version\":\"2012-10-17\",\"Statement\":[{\"Sid\":\"EKSWorkerAssumeRole\",\"Effect\":\"Allow\",\"Principal\":{\"Service\":\"ec2.amazonaws.com\"},\"Action\":\"sts:AssumeRole\"}]}",
            "create_date": "2020-04-05T19:44:30Z",
            "description": "",
            "force_detach_policies": true,
            "id": "eks-cluster20200405194430236200000005",
            "max_session_duration": 3600,
            "name": "eks-cluster20200405194430236200000005",
            "name_prefix": "eks-cluster",
            "path": "/",
            "permissions_boundary": null,
            "tags": null,
            "unique_id": "AROATOFHZIPAPVSKIPKQU"
          },
          "private": "bnVsbA==",
          "dependencies": [
            "module.eks-cluster.aws_cloudwatch_log_group.this",
            "module.eks-cluster.aws_eks_cluster.this",
            "module.eks-cluster.aws_iam_role.cluster",
            "module.eks-cluster.aws_iam_role_policy_attachment.cluster_AmazonEKSClusterPolicy",
            "module.eks-cluster.aws_iam_role_policy_attachment.cluster_AmazonEKSServicePolicy",
            "module.eks-cluster.aws_security_group.cluster",
            "module.vpc.aws_subnet.private",
            "module.vpc.aws_vpc.this",
            "module.vpc.aws_vpc_ipv4_cidr_block_association.this"
          ]
        }
      ]
    },
    {
      "module": "module.eks-cluster",
      "mode": "managed",
      "type": "aws_iam_role_policy_attachment",
      "name": "cluster_AmazonEKSClusterPolicy",
      "each": "list",
      "provider": "provider.aws",
      "instances": [
        {
          "index_key": 0,
          "schema_version": 0,
          "attributes": {
            "id": "eks-cluster20200405193250886900000001-20200405193252631000000003",
            "policy_arn": "arn:aws:iam::aws:policy/AmazonEKSClusterPolicy",
            "role": "eks-cluster20200405193250886900000001"
          },
          "private": "bnVsbA==",
          "dependencies": [
            "module.eks-cluster.aws_iam_role.cluster"
          ]
        }
      ]
    },
    {
      "module": "module.eks-cluster",
      "mode": "managed",
      "type": "aws_iam_role_policy_attachment",
      "name": "cluster_AmazonEKSServicePolicy",
      "each": "list",
      "provider": "provider.aws",
      "instances": [
        {
          "index_key": 0,
          "schema_version": 0,
          "attributes": {
            "id": "eks-cluster20200405193250886900000001-20200405193252622900000002",
            "policy_arn": "arn:aws:iam::aws:policy/AmazonEKSServicePolicy",
            "role": "eks-cluster20200405193250886900000001"
          },
          "private": "bnVsbA==",
          "dependencies": [
            "module.eks-cluster.aws_iam_role.cluster"
          ]
        }
      ]
    },
    {
      "module": "module.vpc",
      "mode": "managed",
      "type": "aws_iam_role_policy_attachment",
      "name": "vpc_flow_log_cloudwatch",
      "each": "list",
      "provider": "provider.aws",
      "instances": []
    },
    {
      "module": "module.eks-cluster",
      "mode": "managed",
      "type": "aws_iam_role_policy_attachment",
      "name": "workers_AmazonEC2ContainerRegistryReadOnly",
      "each": "list",
      "provider": "provider.aws",
      "instances": [
        {
          "index_key": 0,
          "schema_version": 0,
          "attributes": {
            "id": "eks-cluster20200405194430236200000005-20200405194431987000000008",
            "policy_arn": "arn:aws:iam::aws:policy/AmazonEC2ContainerRegistryReadOnly",
            "role": "eks-cluster20200405194430236200000005"
          },
          "private": "bnVsbA==",
          "dependencies": [
            "module.eks-cluster.aws_cloudwatch_log_group.this",
            "module.eks-cluster.aws_eks_cluster.this",
            "module.eks-cluster.aws_iam_role.cluster",
            "module.eks-cluster.aws_iam_role.workers",
            "module.eks-cluster.aws_iam_role_policy_attachment.cluster_AmazonEKSClusterPolicy",
            "module.eks-cluster.aws_iam_role_policy_attachment.cluster_AmazonEKSServicePolicy",
            "module.eks-cluster.aws_security_group.cluster",
            "module.vpc.aws_subnet.private",
            "module.vpc.aws_vpc.this",
            "module.vpc.aws_vpc_ipv4_cidr_block_association.this"
          ]
        }
      ]
    },
    {
      "module": "module.eks-cluster",
      "mode": "managed",
      "type": "aws_iam_role_policy_attachment",
      "name": "workers_AmazonEKSWorkerNodePolicy",
      "each": "list",
      "provider": "provider.aws",
      "instances": [
        {
          "index_key": 0,
          "schema_version": 0,
          "attributes": {
            "id": "eks-cluster20200405194430236200000005-20200405194432001400000009",
            "policy_arn": "arn:aws:iam::aws:policy/AmazonEKSWorkerNodePolicy",
            "role": "eks-cluster20200405194430236200000005"
          },
          "private": "bnVsbA==",
          "dependencies": [
            "module.eks-cluster.aws_cloudwatch_log_group.this",
            "module.eks-cluster.aws_eks_cluster.this",
            "module.eks-cluster.aws_iam_role.cluster",
            "module.eks-cluster.aws_iam_role.workers",
            "module.eks-cluster.aws_iam_role_policy_attachment.cluster_AmazonEKSClusterPolicy",
            "module.eks-cluster.aws_iam_role_policy_attachment.cluster_AmazonEKSServicePolicy",
            "module.eks-cluster.aws_security_group.cluster",
            "module.vpc.aws_subnet.private",
            "module.vpc.aws_vpc.this",
            "module.vpc.aws_vpc_ipv4_cidr_block_association.this"
          ]
        }
      ]
    },
    {
      "module": "module.eks-cluster",
      "mode": "managed",
      "type": "aws_iam_role_policy_attachment",
      "name": "workers_AmazonEKS_CNI_Policy",
      "each": "list",
      "provider": "provider.aws",
      "instances": [
        {
          "index_key": 0,
          "schema_version": 0,
          "attributes": {
            "id": "eks-cluster20200405194430236200000005-2020040519443203620000000a",
            "policy_arn": "arn:aws:iam::aws:policy/AmazonEKS_CNI_Policy",
            "role": "eks-cluster20200405194430236200000005"
          },
          "private": "bnVsbA==",
          "dependencies": [
            "module.eks-cluster.aws_cloudwatch_log_group.this",
            "module.eks-cluster.aws_eks_cluster.this",
            "module.eks-cluster.aws_iam_role.cluster",
            "module.eks-cluster.aws_iam_role.workers",
            "module.eks-cluster.aws_iam_role_policy_attachment.cluster_AmazonEKSClusterPolicy",
            "module.eks-cluster.aws_iam_role_policy_attachment.cluster_AmazonEKSServicePolicy",
            "module.eks-cluster.aws_security_group.cluster",
            "module.vpc.aws_subnet.private",
            "module.vpc.aws_vpc.this",
            "module.vpc.aws_vpc_ipv4_cidr_block_association.this"
          ]
        }
      ]
    },
    {
      "module": "module.eks-cluster",
      "mode": "managed",
      "type": "aws_iam_role_policy_attachment",
      "name": "workers_additional_policies",
      "each": "list",
      "provider": "provider.aws",
      "instances": []
    },
    {
      "module": "module.vpc",
      "mode": "managed",
      "type": "aws_internet_gateway",
      "name": "this",
      "each": "list",
      "provider": "provider.aws",
      "instances": [
        {
          "index_key": 0,
          "schema_version": 0,
          "attributes": {
            "id": "igw-0a904ab73d2c23d3f",
            "owner_id": "236575081408",
            "tags": {
              "Environment": "dev",
              "Name": "eks-vpc",
              "Terraform": "true"
            },
            "vpc_id": "vpc-087a757602d52f059"
          },
          "private": "bnVsbA==",
          "dependencies": [
            "module.vpc.aws_vpc.this",
            "module.vpc.aws_vpc_ipv4_cidr_block_association.this"
          ]
        }
      ]
    },
    {
      "module": "module.eks-cluster",
      "mode": "managed",
      "type": "aws_launch_configuration",
      "name": "workers",
      "each": "list",
      "provider": "provider.aws",
      "instances": [
        {
          "index_key": 0,
          "schema_version": 0,
          "attributes": {
            "arn": "arn:aws:autoscaling:us-east-1:236575081408:launchConfiguration:148d0d88-59c8-4769-ae49-da7f81fe098d:launchConfigurationName/eks-cluster-worker-group-12020040519443571060000000b",
            "associate_public_ip_address": false,
            "ebs_block_device": [],
            "ebs_optimized": true,
            "enable_monitoring": true,
            "ephemeral_block_device": [],
            "iam_instance_profile": "eks-cluster20200405194431461700000007",
            "id": "eks-cluster-worker-group-12020040519443571060000000b",
            "image_id": "ami-0dc7713312a7ec987",
            "instance_type": "t3.medium",
            "key_name": "",
            "name": "eks-cluster-worker-group-12020040519443571060000000b",
            "name_prefix": "eks-cluster-worker-group-1",
            "placement_tenancy": "",
            "root_block_device": [
              {
                "delete_on_termination": true,
                "encrypted": false,
                "iops": 0,
                "volume_size": 100,
                "volume_type": "gp2"
              }
            ],
            "security_groups": [
              "sg-0391fe725ae49bd48"
            ],
            "spot_price": "",
            "user_data": null,
            "user_data_base64": "IyEvYmluL2Jhc2ggLXhlCgojIEFsbG93IHVzZXIgc3VwcGxpZWQgcHJlIHVzZXJkYXRhIGNvZGUKCgojIEJvb3RzdHJhcCBhbmQgam9pbiB0aGUgY2x1c3RlcgovZXRjL2Vrcy9ib290c3RyYXAuc2ggLS1iNjQtY2x1c3Rlci1jYSAnTFMwdExTMUNSVWRKVGlCRFJWSlVTVVpKUTBGVVJTMHRMUzB0Q2sxSlNVTjVSRU5EUVdKRFowRjNTVUpCWjBsQ1FVUkJUa0puYTNGb2EybEhPWGN3UWtGUmMwWkJSRUZXVFZKTmQwVlJXVVJXVVZGRVJYZHdjbVJYU213S1kyMDFiR1JIVm5wTlFqUllSRlJKZDAxRVVYZE9WRVUxVGtSRmVrMUdiMWhFVkUxM1RVUlJkMDE2UlRWT1JFVjZUVVp2ZDBaVVJWUk5Ra1ZIUVRGVlJRcEJlRTFMWVROV2FWcFlTblZhV0ZKc1kzcERRMEZUU1hkRVVWbEtTMjlhU1doMlkwNUJVVVZDUWxGQlJHZG5SVkJCUkVORFFWRnZRMmRuUlVKQlQxWk1DbkZoUWpZNFVHZHVjalV4TXpSMVRITTRSVzlVZWxsYVRuaHZXVFpETTFOQ2RGVlplRkp2U2paRFNEVnpRelpRU1Nzdk4zRXlXbFF4WlVvM2EwbFZla0lLUzBobWNFdDFRVTFCU0RkWVYwSTBibEl4WVVKR1pIZHhTelJMUVdORVJtTnNiMGgzUWxSMmJGQTJaVFZaWjJoWU0zWklXbTVNZWpNek1uZ3pNa3RMVmdvd1FsTk9hMWsyWkU1cFZFVjVRbE15UW1aeWVHWlJVV3d4WjBSUVRVZ3hWbmhVZFd0aU9GSktaVlE1ZFZsMVVFbHVVMWR1YjFacmVYazJabTF0UkU5dkNtdDVSV0YxUmk5ck5IY3djelUxYm5aVmNGUk9XVkZtT0VwRVkwaE1kakZYYkZwMmExQnBRMnBMYUNzMVprUXhNWGx2WjNORlpUZEJSamhsVHpoRWQwVUtNUzlFVDBoSFZucEJWamxoTkd4bk1rTmtUVW95Y3poRWVuSlJiRnBIU21GRFdVdFFiWEY2YjFKcFJHNVVTekpvTkdOUU5USm1VMUY0VTFGblQyTmFMd3B0YXl0eVJVMHZkVU12VW1FMk5URkhXRlJWUTBGM1JVRkJZVTFxVFVORmQwUm5XVVJXVWpCUVFWRklMMEpCVVVSQlowdHJUVUU0UjBFeFZXUkZkMFZDQ2k5M1VVWk5RVTFDUVdZNGQwUlJXVXBMYjFwSmFIWmpUa0ZSUlV4Q1VVRkVaMmRGUWtGSVozbHZXbFJTU1ZCUWJVdHpPRUpRZVc1Q1UwOVhLMGxxYW1VS1QzWkZaMDVRV213d2FqUlRhSFI0Y1dkVU1IbHlSVTlLYTNWaFJ6azBSWEZKYkVoNlUyOVhjazVMYml0Uk9HUk9hSE5FU1VjMVVtNXJZMUIyTVdKQ05BcHphVVJFZW5GWk1uRmljelJZYzNwbEt6bG1PRmRUTDB0V1Myc3dWWHBKU0hSelEweFhNbXhGUTBwTFpFcE5UVTB3TUZaRlVUaENiVGxIT1VsV01VUlBDbGhPY0VsamFrSk9hbkZSWTBNMFMzZHFielZQUTIxV09ITk5WRUpsVVhKVWJHZzJWSE00YWtoUlVUYzFLMlZpVXpaSWJqbERVekJMY2tOdU5XcFhUazBLYzJVd2JHVnBUelJPTDI5Tk0wTmlZbmR0YmxkcWVrZEViazFuUkd0QmF6Rk5ZMEk0UVRVMlZXUjJSMHRWUlRWUFVUVm1kMkUyTlRWNldHNUhZME5zYkFveUsyeFZaMWwyY1hKeVJtMWhkMlYyWkN0M1QyVXpZVGQyVWt0RmNISXdUVGh1U3pGSlMyNTZXa1ZXTlU1aFoxWkJhVGxWTDNsSldIVkVORDBLTFMwdExTMUZUa1FnUTBWU1ZFbEdTVU5CVkVVdExTMHRMUW89JyAtLWFwaXNlcnZlci1lbmRwb2ludCAnaHR0cHM6Ly9GMTM2MDNEMjkxMTkzNTY3QzhFOUY3M0NDN0QwMTZBOS5ncjcudXMtZWFzdC0xLmVrcy5hbWF6b25hd3MuY29tJyAgLS1rdWJlbGV0LWV4dHJhLWFyZ3MgIiIgJ2Vrcy1jbHVzdGVyJwoKIyBBbGxvdyB1c2VyIHN1cHBsaWVkIHVzZXJkYXRhIGNvZGUKCg==",
            "vpc_classic_link_id": "",
            "vpc_classic_link_security_groups": null
          },
          "private": "bnVsbA==",
          "dependencies": [
            "module.eks-cluster.aws_cloudwatch_log_group.this",
            "module.eks-cluster.aws_eks_cluster.this",
            "module.eks-cluster.aws_iam_instance_profile.workers",
            "module.eks-cluster.aws_iam_role.cluster",
            "module.eks-cluster.aws_iam_role.workers",
            "module.eks-cluster.aws_iam_role_policy_attachment.cluster_AmazonEKSClusterPolicy",
            "module.eks-cluster.aws_iam_role_policy_attachment.cluster_AmazonEKSServicePolicy",
            "module.eks-cluster.aws_security_group.cluster",
            "module.eks-cluster.aws_security_group.workers",
            "module.vpc.aws_subnet.private",
            "module.vpc.aws_vpc.this",
            "module.vpc.aws_vpc_ipv4_cidr_block_association.this"
          ]
        }
      ]
    },
    {
      "module": "module.eks-cluster",
      "mode": "managed",
      "type": "aws_launch_template",
      "name": "workers_launch_template",
      "each": "list",
      "provider": "provider.aws",
      "instances": []
    },
    {
      "module": "module.vpc",
      "mode": "managed",
      "type": "aws_nat_gateway",
      "name": "this",
      "each": "list",
      "provider": "provider.aws",
      "instances": [
        {
          "index_key": 0,
          "schema_version": 0,
          "attributes": {
            "allocation_id": "eipalloc-04e3c8ff96b8e5a27",
            "id": "nat-03c5cc59d7a9839df",
            "network_interface_id": "eni-069f1cefaef29bb18",
            "private_ip": "10.0.101.220",
            "public_ip": "3.222.32.190",
            "subnet_id": "subnet-0420d27e7d18e0832",
            "tags": {
              "Environment": "dev",
              "Name": "eks-vpc-us-east-1a",
              "Terraform": "true"
            }
          },
          "private": "bnVsbA==",
          "dependencies": [
            "module.vpc.aws_eip.nat",
            "module.vpc.aws_internet_gateway.this",
            "module.vpc.aws_subnet.public",
            "module.vpc.aws_vpc.this",
            "module.vpc.aws_vpc_ipv4_cidr_block_association.this"
          ]
        }
      ]
    },
    {
      "module": "module.vpc",
      "mode": "managed",
      "type": "aws_network_acl",
      "name": "database",
      "each": "list",
      "provider": "provider.aws",
      "instances": []
    },
    {
      "module": "module.vpc",
      "mode": "managed",
      "type": "aws_network_acl",
      "name": "elasticache",
      "each": "list",
      "provider": "provider.aws",
      "instances": []
    },
    {
      "module": "module.vpc",
      "mode": "managed",
      "type": "aws_network_acl",
      "name": "intra",
      "each": "list",
      "provider": "provider.aws",
      "instances": []
    },
    {
      "module": "module.vpc",
      "mode": "managed",
      "type": "aws_network_acl",
      "name": "private",
      "each": "list",
      "provider": "provider.aws",
      "instances": []
    },
    {
      "module": "module.vpc",
      "mode": "managed",
      "type": "aws_network_acl",
      "name": "public",
      "each": "list",
      "provider": "provider.aws",
      "instances": []
    },
    {
      "module": "module.vpc",
      "mode": "managed",
      "type": "aws_network_acl",
      "name": "redshift",
      "each": "list",
      "provider": "provider.aws",
      "instances": []
    },
    {
      "module": "module.vpc",
      "mode": "managed",
      "type": "aws_network_acl_rule",
      "name": "database_inbound",
      "each": "list",
      "provider": "provider.aws",
      "instances": []
    },
    {
      "module": "module.vpc",
      "mode": "managed",
      "type": "aws_network_acl_rule",
      "name": "database_outbound",
      "each": "list",
      "provider": "provider.aws",
      "instances": []
    },
    {
      "module": "module.vpc",
      "mode": "managed",
      "type": "aws_network_acl_rule",
      "name": "elasticache_inbound",
      "each": "list",
      "provider": "provider.aws",
      "instances": []
    },
    {
      "module": "module.vpc",
      "mode": "managed",
      "type": "aws_network_acl_rule",
      "name": "elasticache_outbound",
      "each": "list",
      "provider": "provider.aws",
      "instances": []
    },
    {
      "module": "module.vpc",
      "mode": "managed",
      "type": "aws_network_acl_rule",
      "name": "intra_inbound",
      "each": "list",
      "provider": "provider.aws",
      "instances": []
    },
    {
      "module": "module.vpc",
      "mode": "managed",
      "type": "aws_network_acl_rule",
      "name": "intra_outbound",
      "each": "list",
      "provider": "provider.aws",
      "instances": []
    },
    {
      "module": "module.vpc",
      "mode": "managed",
      "type": "aws_network_acl_rule",
      "name": "private_inbound",
      "each": "list",
      "provider": "provider.aws",
      "instances": []
    },
    {
      "module": "module.vpc",
      "mode": "managed",
      "type": "aws_network_acl_rule",
      "name": "private_outbound",
      "each": "list",
      "provider": "provider.aws",
      "instances": []
    },
    {
      "module": "module.vpc",
      "mode": "managed",
      "type": "aws_network_acl_rule",
      "name": "public_inbound",
      "each": "list",
      "provider": "provider.aws",
      "instances": []
    },
    {
      "module": "module.vpc",
      "mode": "managed",
      "type": "aws_network_acl_rule",
      "name": "public_outbound",
      "each": "list",
      "provider": "provider.aws",
      "instances": []
    },
    {
      "module": "module.vpc",
      "mode": "managed",
      "type": "aws_network_acl_rule",
      "name": "redshift_inbound",
      "each": "list",
      "provider": "provider.aws",
      "instances": []
    },
    {
      "module": "module.vpc",
      "mode": "managed",
      "type": "aws_network_acl_rule",
      "name": "redshift_outbound",
      "each": "list",
      "provider": "provider.aws",
      "instances": []
    },
    {
      "module": "module.vpc",
      "mode": "managed",
      "type": "aws_redshift_subnet_group",
      "name": "redshift",
      "each": "list",
      "provider": "provider.aws",
      "instances": []
    },
    {
      "module": "module.vpc",
      "mode": "managed",
      "type": "aws_route",
      "name": "database_internet_gateway",
      "each": "list",
      "provider": "provider.aws",
      "instances": []
    },
    {
      "module": "module.vpc",
      "mode": "managed",
      "type": "aws_route",
      "name": "database_ipv6_egress",
      "each": "list",
      "provider": "provider.aws",
      "instances": []
    },
    {
      "module": "module.vpc",
      "mode": "managed",
      "type": "aws_route",
      "name": "database_nat_gateway",
      "each": "list",
      "provider": "provider.aws",
      "instances": []
    },
    {
      "module": "module.vpc",
      "mode": "managed",
      "type": "aws_route",
      "name": "private_ipv6_egress",
      "each": "list",
      "provider": "provider.aws",
      "instances": []
    },
    {
      "module": "module.vpc",
      "mode": "managed",
      "type": "aws_route",
      "name": "private_nat_gateway",
      "each": "list",
      "provider": "provider.aws",
      "instances": [
        {
          "index_key": 0,
          "schema_version": 0,
          "attributes": {
            "destination_cidr_block": "0.0.0.0/0",
            "destination_ipv6_cidr_block": null,
            "destination_prefix_list_id": "",
            "egress_only_gateway_id": "",
            "gateway_id": "",
            "id": "r-rtb-04af222f0104a7b8d1080289494",
            "instance_id": "",
            "instance_owner_id": "",
            "nat_gateway_id": "nat-03c5cc59d7a9839df",
            "network_interface_id": "",
            "origin": "CreateRoute",
            "route_table_id": "rtb-04af222f0104a7b8d",
            "state": "active",
            "timeouts": {
              "create": "5m",
              "delete": null
            },
            "transit_gateway_id": "",
            "vpc_peering_connection_id": ""
          },
          "private": "eyJlMmJmYjczMC1lY2FhLTExZTYtOGY4OC0zNDM2M2JjN2M0YzAiOnsiY3JlYXRlIjozMDAwMDAwMDAwMDAsImRlbGV0ZSI6MzAwMDAwMDAwMDAwfX0=",
          "dependencies": [
            "module.vpc.aws_eip.nat",
            "module.vpc.aws_internet_gateway.this",
            "module.vpc.aws_nat_gateway.this",
            "module.vpc.aws_route_table.private",
            "module.vpc.aws_subnet.public",
            "module.vpc.aws_vpc.this",
            "module.vpc.aws_vpc_ipv4_cidr_block_association.this"
          ]
        }
      ]
    },
    {
      "module": "module.vpc",
      "mode": "managed",
      "type": "aws_route",
      "name": "public_internet_gateway",
      "each": "list",
      "provider": "provider.aws",
      "instances": [
        {
          "index_key": 0,
          "schema_version": 0,
          "attributes": {
            "destination_cidr_block": "0.0.0.0/0",
            "destination_ipv6_cidr_block": null,
            "destination_prefix_list_id": "",
            "egress_only_gateway_id": "",
            "gateway_id": "igw-0a904ab73d2c23d3f",
            "id": "r-rtb-0e4d551b50b1c29ae1080289494",
            "instance_id": "",
            "instance_owner_id": "",
            "nat_gateway_id": "",
            "network_interface_id": "",
            "origin": "CreateRoute",
            "route_table_id": "rtb-0e4d551b50b1c29ae",
            "state": "active",
            "timeouts": {
              "create": "5m",
              "delete": null
            },
            "transit_gateway_id": "",
            "vpc_peering_connection_id": ""
          },
          "private": "eyJlMmJmYjczMC1lY2FhLTExZTYtOGY4OC0zNDM2M2JjN2M0YzAiOnsiY3JlYXRlIjozMDAwMDAwMDAwMDAsImRlbGV0ZSI6MzAwMDAwMDAwMDAwfX0=",
          "dependencies": [
            "module.vpc.aws_internet_gateway.this",
            "module.vpc.aws_route_table.public",
            "module.vpc.aws_vpc.this",
            "module.vpc.aws_vpc_ipv4_cidr_block_association.this"
          ]
        }
      ]
    },
    {
      "module": "module.vpc",
      "mode": "managed",
      "type": "aws_route",
      "name": "public_internet_gateway_ipv6",
      "each": "list",
      "provider": "provider.aws",
      "instances": []
    },
    {
      "module": "module.vpc",
      "mode": "managed",
      "type": "aws_route_table",
      "name": "database",
      "each": "list",
      "provider": "provider.aws",
      "instances": []
    },
    {
      "module": "module.vpc",
      "mode": "managed",
      "type": "aws_route_table",
      "name": "elasticache",
      "each": "list",
      "provider": "provider.aws",
      "instances": []
    },
    {
      "module": "module.vpc",
      "mode": "managed",
      "type": "aws_route_table",
      "name": "intra",
      "each": "list",
      "provider": "provider.aws",
      "instances": []
    },
    {
      "module": "module.vpc",
      "mode": "managed",
      "type": "aws_route_table",
      "name": "private",
      "each": "list",
      "provider": "provider.aws",
      "instances": [
        {
          "index_key": 0,
          "schema_version": 0,
          "attributes": {
            "id": "rtb-04af222f0104a7b8d",
            "owner_id": "236575081408",
            "propagating_vgws": [],
            "route": [],
            "tags": {
              "Environment": "dev",
              "Name": "eks-vpc-private",
              "Terraform": "true"
            },
            "vpc_id": "vpc-087a757602d52f059"
          },
          "private": "bnVsbA==",
          "dependencies": [
            "module.vpc.aws_vpc.this",
            "module.vpc.aws_vpc_ipv4_cidr_block_association.this"
          ]
        }
      ]
    },
    {
      "module": "module.vpc",
      "mode": "managed",
      "type": "aws_route_table",
      "name": "public",
      "each": "list",
      "provider": "provider.aws",
      "instances": [
        {
          "index_key": 0,
          "schema_version": 0,
          "attributes": {
            "id": "rtb-0e4d551b50b1c29ae",
            "owner_id": "236575081408",
            "propagating_vgws": [],
            "route": [],
            "tags": {
              "Environment": "dev",
              "Name": "eks-vpc-public",
              "Terraform": "true"
            },
            "vpc_id": "vpc-087a757602d52f059"
          },
          "private": "bnVsbA==",
          "dependencies": [
            "module.vpc.aws_vpc.this",
            "module.vpc.aws_vpc_ipv4_cidr_block_association.this"
          ]
        }
      ]
    },
    {
      "module": "module.vpc",
      "mode": "managed",
      "type": "aws_route_table",
      "name": "redshift",
      "each": "list",
      "provider": "provider.aws",
      "instances": []
    },
    {
      "module": "module.vpc",
      "mode": "managed",
      "type": "aws_route_table_association",
      "name": "database",
      "each": "list",
      "provider": "provider.aws",
      "instances": []
    },
    {
      "module": "module.vpc",
      "mode": "managed",
      "type": "aws_route_table_association",
      "name": "elasticache",
      "each": "list",
      "provider": "provider.aws",
      "instances": []
    },
    {
      "module": "module.vpc",
      "mode": "managed",
      "type": "aws_route_table_association",
      "name": "intra",
      "each": "list",
      "provider": "provider.aws",
      "instances": []
    },
    {
      "module": "module.vpc",
      "mode": "managed",
      "type": "aws_route_table_association",
      "name": "private",
      "each": "list",
      "provider": "provider.aws",
      "instances": [
        {
          "index_key": 0,
          "schema_version": 0,
          "attributes": {
            "gateway_id": null,
            "id": "rtbassoc-04c53fa27caa94ce6",
            "route_table_id": "rtb-04af222f0104a7b8d",
            "subnet_id": "subnet-020c5e358c7af1328"
          },
          "private": "bnVsbA==",
          "dependencies": [
            "module.vpc.aws_route_table.private",
            "module.vpc.aws_subnet.private",
            "module.vpc.aws_vpc.this",
            "module.vpc.aws_vpc_ipv4_cidr_block_association.this"
          ]
        },
        {
          "index_key": 1,
          "schema_version": 0,
          "attributes": {
            "gateway_id": null,
            "id": "rtbassoc-078e42eb87a28c587",
            "route_table_id": "rtb-04af222f0104a7b8d",
            "subnet_id": "subnet-08d51229dbb982411"
          },
          "private": "bnVsbA==",
          "dependencies": [
            "module.vpc.aws_route_table.private",
            "module.vpc.aws_subnet.private",
            "module.vpc.aws_vpc.this",
            "module.vpc.aws_vpc_ipv4_cidr_block_association.this"
          ]
        },
        {
          "index_key": 2,
          "schema_version": 0,
          "attributes": {
            "gateway_id": null,
            "id": "rtbassoc-08ae2ab69cfd1a904",
            "route_table_id": "rtb-04af222f0104a7b8d",
            "subnet_id": "subnet-039f579ef463c8c78"
          },
          "private": "bnVsbA==",
          "dependencies": [
            "module.vpc.aws_route_table.private",
            "module.vpc.aws_subnet.private",
            "module.vpc.aws_vpc.this",
            "module.vpc.aws_vpc_ipv4_cidr_block_association.this"
          ]
        }
      ]
    },
    {
      "module": "module.vpc",
      "mode": "managed",
      "type": "aws_route_table_association",
      "name": "public",
      "each": "list",
      "provider": "provider.aws",
      "instances": [
        {
          "index_key": 0,
          "schema_version": 0,
          "attributes": {
            "gateway_id": null,
            "id": "rtbassoc-0aa4b77c3127a7f73",
            "route_table_id": "rtb-0e4d551b50b1c29ae",
            "subnet_id": "subnet-0420d27e7d18e0832"
          },
          "private": "bnVsbA==",
          "dependencies": [
            "module.vpc.aws_route_table.public",
            "module.vpc.aws_subnet.public",
            "module.vpc.aws_vpc.this",
            "module.vpc.aws_vpc_ipv4_cidr_block_association.this"
          ]
        },
        {
          "index_key": 1,
          "schema_version": 0,
          "attributes": {
            "gateway_id": null,
            "id": "rtbassoc-02b43cf7b280d8d98",
            "route_table_id": "rtb-0e4d551b50b1c29ae",
            "subnet_id": "subnet-0d6b08be5fb60da20"
          },
          "private": "bnVsbA==",
          "dependencies": [
            "module.vpc.aws_route_table.public",
            "module.vpc.aws_subnet.public",
            "module.vpc.aws_vpc.this",
            "module.vpc.aws_vpc_ipv4_cidr_block_association.this"
          ]
        },
        {
          "index_key": 2,
          "schema_version": 0,
          "attributes": {
            "gateway_id": null,
            "id": "rtbassoc-07a3a7d98e16ecc8b",
            "route_table_id": "rtb-0e4d551b50b1c29ae",
            "subnet_id": "subnet-02381fdae8aa3778b"
          },
          "private": "bnVsbA==",
          "dependencies": [
            "module.vpc.aws_route_table.public",
            "module.vpc.aws_subnet.public",
            "module.vpc.aws_vpc.this",
            "module.vpc.aws_vpc_ipv4_cidr_block_association.this"
          ]
        }
      ]
    },
    {
      "module": "module.vpc",
      "mode": "managed",
      "type": "aws_route_table_association",
      "name": "redshift",
      "each": "list",
      "provider": "provider.aws",
      "instances": []
    },
    {
      "module": "module.vpc",
      "mode": "managed",
      "type": "aws_route_table_association",
      "name": "redshift_public",
      "each": "list",
      "provider": "provider.aws",
      "instances": []
    },
    {
      "module": "module.eks-cluster",
      "mode": "managed",
      "type": "aws_security_group",
      "name": "cluster",
      "each": "list",
      "provider": "provider.aws",
      "instances": [
        {
          "index_key": 0,
          "schema_version": 1,
          "attributes": {
            "arn": "arn:aws:ec2:us-east-1:236575081408:security-group/sg-01ea4b0c9cc26f558",
            "description": "EKS cluster security group.",
            "egress": [],
            "id": "sg-01ea4b0c9cc26f558",
            "ingress": [],
            "name": "eks-cluster20200405193259712300000004",
            "name_prefix": "eks-cluster",
            "owner_id": "236575081408",
            "revoke_rules_on_delete": false,
            "tags": {
              "Name": "eks-cluster-eks_cluster_sg"
            },
            "timeouts": null,
            "vpc_id": "vpc-087a757602d52f059"
          },
          "private": "eyJlMmJmYjczMC1lY2FhLTExZTYtOGY4OC0zNDM2M2JjN2M0YzAiOnsiY3JlYXRlIjo2MDAwMDAwMDAwMDAsImRlbGV0ZSI6NjAwMDAwMDAwMDAwfSwic2NoZW1hX3ZlcnNpb24iOiIxIn0=",
          "dependencies": [
            "module.vpc.aws_vpc.this"
          ]
        }
      ]
    },
    {
      "module": "module.eks-cluster",
      "mode": "managed",
      "type": "aws_security_group",
      "name": "workers",
      "each": "list",
      "provider": "provider.aws",
      "instances": [
        {
          "index_key": 0,
          "schema_version": 1,
          "attributes": {
            "arn": "arn:aws:ec2:us-east-1:236575081408:security-group/sg-0391fe725ae49bd48",
            "description": "Security group for all nodes in the cluster.",
            "egress": [],
            "id": "sg-0391fe725ae49bd48",
            "ingress": [],
            "name": "eks-cluster20200405194430236800000006",
            "name_prefix": "eks-cluster",
            "owner_id": "236575081408",
            "revoke_rules_on_delete": false,
            "tags": {
              "Name": "eks-cluster-eks_worker_sg",
              "kubernetes.io/cluster/eks-cluster": "owned"
            },
            "timeouts": null,
            "vpc_id": "vpc-087a757602d52f059"
          },
          "private": "eyJlMmJmYjczMC1lY2FhLTExZTYtOGY4OC0zNDM2M2JjN2M0YzAiOnsiY3JlYXRlIjo2MDAwMDAwMDAwMDAsImRlbGV0ZSI6NjAwMDAwMDAwMDAwfSwic2NoZW1hX3ZlcnNpb24iOiIxIn0=",
          "dependencies": [
            "module.eks-cluster.aws_cloudwatch_log_group.this",
            "module.eks-cluster.aws_eks_cluster.this",
            "module.eks-cluster.aws_iam_role.cluster",
            "module.eks-cluster.aws_iam_role_policy_attachment.cluster_AmazonEKSClusterPolicy",
            "module.eks-cluster.aws_iam_role_policy_attachment.cluster_AmazonEKSServicePolicy",
            "module.eks-cluster.aws_security_group.cluster",
            "module.vpc.aws_subnet.private",
            "module.vpc.aws_vpc.this",
            "module.vpc.aws_vpc_ipv4_cidr_block_association.this"
          ]
        }
      ]
    },
    {
      "module": "module.eks-cluster",
      "mode": "managed",
      "type": "aws_security_group_rule",
      "name": "cluster_egress_internet",
      "each": "list",
      "provider": "provider.aws",
      "instances": [
        {
          "index_key": 0,
          "schema_version": 2,
          "attributes": {
            "cidr_blocks": [
              "0.0.0.0/0"
            ],
            "description": "Allow cluster egress access to the Internet.",
            "from_port": 0,
            "id": "sgrule-2003524865",
            "ipv6_cidr_blocks": null,
            "prefix_list_ids": null,
            "protocol": "-1",
            "security_group_id": "sg-01ea4b0c9cc26f558",
            "self": false,
            "source_security_group_id": null,
            "to_port": 0,
            "type": "egress"
          },
          "private": "eyJzY2hlbWFfdmVyc2lvbiI6IjIifQ==",
          "dependencies": [
            "module.eks-cluster.aws_security_group.cluster",
            "module.vpc.aws_vpc.this"
          ]
        }
      ]
    },
    {
      "module": "module.eks-cluster",
      "mode": "managed",
      "type": "aws_security_group_rule",
      "name": "cluster_https_worker_ingress",
      "each": "list",
      "provider": "provider.aws",
      "instances": [
        {
          "index_key": 0,
          "schema_version": 2,
          "attributes": {
            "cidr_blocks": null,
            "description": "Allow pods to communicate with the EKS cluster API.",
            "from_port": 443,
            "id": "sgrule-4055683645",
            "ipv6_cidr_blocks": null,
            "prefix_list_ids": null,
            "protocol": "tcp",
            "security_group_id": "sg-01ea4b0c9cc26f558",
            "self": false,
            "source_security_group_id": "sg-0391fe725ae49bd48",
            "to_port": 443,
            "type": "ingress"
          },
          "private": "eyJzY2hlbWFfdmVyc2lvbiI6IjIifQ==",
          "dependencies": [
            "module.eks-cluster.aws_cloudwatch_log_group.this",
            "module.eks-cluster.aws_eks_cluster.this",
            "module.eks-cluster.aws_iam_role.cluster",
            "module.eks-cluster.aws_iam_role_policy_attachment.cluster_AmazonEKSClusterPolicy",
            "module.eks-cluster.aws_iam_role_policy_attachment.cluster_AmazonEKSServicePolicy",
            "module.eks-cluster.aws_security_group.cluster",
            "module.eks-cluster.aws_security_group.workers",
            "module.vpc.aws_subnet.private",
            "module.vpc.aws_vpc.this",
            "module.vpc.aws_vpc_ipv4_cidr_block_association.this"
          ]
        }
      ]
    },
    {
      "module": "module.eks-cluster",
      "mode": "managed",
      "type": "aws_security_group_rule",
      "name": "cluster_private_access",
      "each": "list",
      "provider": "provider.aws",
      "instances": []
    },
    {
      "module": "module.eks-cluster",
      "mode": "managed",
      "type": "aws_security_group_rule",
      "name": "workers_egress_internet",
      "each": "list",
      "provider": "provider.aws",
      "instances": [
        {
          "index_key": 0,
          "schema_version": 2,
          "attributes": {
            "cidr_blocks": [
              "0.0.0.0/0"
            ],
            "description": "Allow nodes all egress to the Internet.",
            "from_port": 0,
            "id": "sgrule-851717561",
            "ipv6_cidr_blocks": null,
            "prefix_list_ids": null,
            "protocol": "-1",
            "security_group_id": "sg-0391fe725ae49bd48",
            "self": false,
            "source_security_group_id": null,
            "to_port": 0,
            "type": "egress"
          },
          "private": "eyJzY2hlbWFfdmVyc2lvbiI6IjIifQ==",
          "dependencies": [
            "module.eks-cluster.aws_cloudwatch_log_group.this",
            "module.eks-cluster.aws_eks_cluster.this",
            "module.eks-cluster.aws_iam_role.cluster",
            "module.eks-cluster.aws_iam_role_policy_attachment.cluster_AmazonEKSClusterPolicy",
            "module.eks-cluster.aws_iam_role_policy_attachment.cluster_AmazonEKSServicePolicy",
            "module.eks-cluster.aws_security_group.cluster",
            "module.eks-cluster.aws_security_group.workers",
            "module.vpc.aws_subnet.private",
            "module.vpc.aws_vpc.this",
            "module.vpc.aws_vpc_ipv4_cidr_block_association.this"
          ]
        }
      ]
    },
    {
      "module": "module.eks-cluster",
      "mode": "managed",
      "type": "aws_security_group_rule",
      "name": "workers_ingress_cluster",
      "each": "list",
      "provider": "provider.aws",
      "instances": [
        {
          "index_key": 0,
          "schema_version": 2,
          "attributes": {
            "cidr_blocks": null,
            "description": "Allow workers pods to receive communication from the cluster control plane.",
            "from_port": 1025,
            "id": "sgrule-157240194",
            "ipv6_cidr_blocks": null,
            "prefix_list_ids": null,
            "protocol": "tcp",
            "security_group_id": "sg-0391fe725ae49bd48",
            "self": false,
            "source_security_group_id": "sg-01ea4b0c9cc26f558",
            "to_port": 65535,
            "type": "ingress"
          },
          "private": "eyJzY2hlbWFfdmVyc2lvbiI6IjIifQ==",
          "dependencies": [
            "module.eks-cluster.aws_cloudwatch_log_group.this",
            "module.eks-cluster.aws_eks_cluster.this",
            "module.eks-cluster.aws_iam_role.cluster",
            "module.eks-cluster.aws_iam_role_policy_attachment.cluster_AmazonEKSClusterPolicy",
            "module.eks-cluster.aws_iam_role_policy_attachment.cluster_AmazonEKSServicePolicy",
            "module.eks-cluster.aws_security_group.cluster",
            "module.eks-cluster.aws_security_group.workers",
            "module.vpc.aws_subnet.private",
            "module.vpc.aws_vpc.this",
            "module.vpc.aws_vpc_ipv4_cidr_block_association.this"
          ]
        }
      ]
    },
    {
      "module": "module.eks-cluster",
      "mode": "managed",
      "type": "aws_security_group_rule",
      "name": "workers_ingress_cluster_https",
      "each": "list",
      "provider": "provider.aws",
      "instances": [
        {
          "index_key": 0,
          "schema_version": 2,
          "attributes": {
            "cidr_blocks": null,
            "description": "Allow pods running extension API servers on port 443 to receive communication from cluster control plane.",
            "from_port": 443,
            "id": "sgrule-2429964112",
            "ipv6_cidr_blocks": null,
            "prefix_list_ids": null,
            "protocol": "tcp",
            "security_group_id": "sg-0391fe725ae49bd48",
            "self": false,
            "source_security_group_id": "sg-01ea4b0c9cc26f558",
            "to_port": 443,
            "type": "ingress"
          },
          "private": "eyJzY2hlbWFfdmVyc2lvbiI6IjIifQ==",
          "dependencies": [
            "module.eks-cluster.aws_cloudwatch_log_group.this",
            "module.eks-cluster.aws_eks_cluster.this",
            "module.eks-cluster.aws_iam_role.cluster",
            "module.eks-cluster.aws_iam_role_policy_attachment.cluster_AmazonEKSClusterPolicy",
            "module.eks-cluster.aws_iam_role_policy_attachment.cluster_AmazonEKSServicePolicy",
            "module.eks-cluster.aws_security_group.cluster",
            "module.eks-cluster.aws_security_group.workers",
            "module.vpc.aws_subnet.private",
            "module.vpc.aws_vpc.this",
            "module.vpc.aws_vpc_ipv4_cidr_block_association.this"
          ]
        }
      ]
    },
    {
      "module": "module.eks-cluster",
      "mode": "managed",
      "type": "aws_security_group_rule",
      "name": "workers_ingress_cluster_kubelet",
      "each": "list",
      "provider": "provider.aws",
      "instances": []
    },
    {
      "module": "module.eks-cluster",
      "mode": "managed",
      "type": "aws_security_group_rule",
      "name": "workers_ingress_self",
      "each": "list",
      "provider": "provider.aws",
      "instances": [
        {
          "index_key": 0,
          "schema_version": 2,
          "attributes": {
            "cidr_blocks": null,
            "description": "Allow node to communicate with each other.",
            "from_port": 0,
            "id": "sgrule-3995414944",
            "ipv6_cidr_blocks": null,
            "prefix_list_ids": null,
            "protocol": "-1",
            "security_group_id": "sg-0391fe725ae49bd48",
            "self": false,
            "source_security_group_id": "sg-0391fe725ae49bd48",
            "to_port": 65535,
            "type": "ingress"
          },
          "private": "eyJzY2hlbWFfdmVyc2lvbiI6IjIifQ==",
          "dependencies": [
            "module.eks-cluster.aws_cloudwatch_log_group.this",
            "module.eks-cluster.aws_eks_cluster.this",
            "module.eks-cluster.aws_iam_role.cluster",
            "module.eks-cluster.aws_iam_role_policy_attachment.cluster_AmazonEKSClusterPolicy",
            "module.eks-cluster.aws_iam_role_policy_attachment.cluster_AmazonEKSServicePolicy",
            "module.eks-cluster.aws_security_group.cluster",
            "module.eks-cluster.aws_security_group.workers",
            "module.vpc.aws_subnet.private",
            "module.vpc.aws_vpc.this",
            "module.vpc.aws_vpc_ipv4_cidr_block_association.this"
          ]
        }
      ]
    },
    {
      "module": "module.vpc",
      "mode": "managed",
      "type": "aws_subnet",
      "name": "database",
      "each": "list",
      "provider": "provider.aws",
      "instances": []
    },
    {
      "module": "module.vpc",
      "mode": "managed",
      "type": "aws_subnet",
      "name": "elasticache",
      "each": "list",
      "provider": "provider.aws",
      "instances": []
    },
    {
      "module": "module.vpc",
      "mode": "managed",
      "type": "aws_subnet",
      "name": "intra",
      "each": "list",
      "provider": "provider.aws",
      "instances": []
    },
    {
      "module": "module.vpc",
      "mode": "managed",
      "type": "aws_subnet",
      "name": "private",
      "each": "list",
      "provider": "provider.aws",
      "instances": [
        {
          "index_key": 0,
          "schema_version": 1,
          "attributes": {
            "arn": "arn:aws:ec2:us-east-1:236575081408:subnet/subnet-020c5e358c7af1328",
            "assign_ipv6_address_on_creation": false,
            "availability_zone": "us-east-1a",
            "availability_zone_id": "use1-az1",
            "cidr_block": "10.0.1.0/24",
            "id": "subnet-020c5e358c7af1328",
            "ipv6_cidr_block": "",
            "ipv6_cidr_block_association_id": "",
            "map_public_ip_on_launch": false,
            "owner_id": "236575081408",
            "tags": {
              "Environment": "dev",
              "Name": "eks-vpc-private-us-east-1a",
              "Terraform": "true",
              "kubernetes.io/role/internal-elb": "1"
            },
            "timeouts": null,
            "vpc_id": "vpc-087a757602d52f059"
          },
          "private": "eyJlMmJmYjczMC1lY2FhLTExZTYtOGY4OC0zNDM2M2JjN2M0YzAiOnsiY3JlYXRlIjo2MDAwMDAwMDAwMDAsImRlbGV0ZSI6MTIwMDAwMDAwMDAwMH0sInNjaGVtYV92ZXJzaW9uIjoiMSJ9",
          "dependencies": [
            "module.vpc.aws_vpc.this",
            "module.vpc.aws_vpc_ipv4_cidr_block_association.this"
          ]
        },
        {
          "index_key": 1,
          "schema_version": 1,
          "attributes": {
            "arn": "arn:aws:ec2:us-east-1:236575081408:subnet/subnet-08d51229dbb982411",
            "assign_ipv6_address_on_creation": false,
            "availability_zone": "us-east-1b",
            "availability_zone_id": "use1-az2",
            "cidr_block": "10.0.2.0/24",
            "id": "subnet-08d51229dbb982411",
            "ipv6_cidr_block": "",
            "ipv6_cidr_block_association_id": "",
            "map_public_ip_on_launch": false,
            "owner_id": "236575081408",
            "tags": {
              "Environment": "dev",
              "Name": "eks-vpc-private-us-east-1b",
              "Terraform": "true",
              "kubernetes.io/role/internal-elb": "1"
            },
            "timeouts": null,
            "vpc_id": "vpc-087a757602d52f059"
          },
          "private": "eyJlMmJmYjczMC1lY2FhLTExZTYtOGY4OC0zNDM2M2JjN2M0YzAiOnsiY3JlYXRlIjo2MDAwMDAwMDAwMDAsImRlbGV0ZSI6MTIwMDAwMDAwMDAwMH0sInNjaGVtYV92ZXJzaW9uIjoiMSJ9",
          "dependencies": [
            "module.vpc.aws_vpc.this",
            "module.vpc.aws_vpc_ipv4_cidr_block_association.this"
          ]
        },
        {
          "index_key": 2,
          "schema_version": 1,
          "attributes": {
            "arn": "arn:aws:ec2:us-east-1:236575081408:subnet/subnet-039f579ef463c8c78",
            "assign_ipv6_address_on_creation": false,
            "availability_zone": "us-east-1c",
            "availability_zone_id": "use1-az4",
            "cidr_block": "10.0.3.0/24",
            "id": "subnet-039f579ef463c8c78",
            "ipv6_cidr_block": "",
            "ipv6_cidr_block_association_id": "",
            "map_public_ip_on_launch": false,
            "owner_id": "236575081408",
            "tags": {
              "Environment": "dev",
              "Name": "eks-vpc-private-us-east-1c",
              "Terraform": "true",
              "kubernetes.io/role/internal-elb": "1"
            },
            "timeouts": null,
            "vpc_id": "vpc-087a757602d52f059"
          },
          "private": "eyJlMmJmYjczMC1lY2FhLTExZTYtOGY4OC0zNDM2M2JjN2M0YzAiOnsiY3JlYXRlIjo2MDAwMDAwMDAwMDAsImRlbGV0ZSI6MTIwMDAwMDAwMDAwMH0sInNjaGVtYV92ZXJzaW9uIjoiMSJ9",
          "dependencies": [
            "module.vpc.aws_vpc.this",
            "module.vpc.aws_vpc_ipv4_cidr_block_association.this"
          ]
        }
      ]
    },
    {
      "module": "module.vpc",
      "mode": "managed",
      "type": "aws_subnet",
      "name": "public",
      "each": "list",
      "provider": "provider.aws",
      "instances": [
        {
          "index_key": 0,
          "schema_version": 1,
          "attributes": {
            "arn": "arn:aws:ec2:us-east-1:236575081408:subnet/subnet-0420d27e7d18e0832",
            "assign_ipv6_address_on_creation": false,
            "availability_zone": "us-east-1a",
            "availability_zone_id": "use1-az1",
            "cidr_block": "10.0.101.0/24",
            "id": "subnet-0420d27e7d18e0832",
            "ipv6_cidr_block": "",
            "ipv6_cidr_block_association_id": "",
            "map_public_ip_on_launch": true,
            "owner_id": "236575081408",
            "tags": {
              "Environment": "dev",
              "Name": "eks-vpc-public-us-east-1a",
              "Terraform": "true",
              "kubernetes.io/role/elb": "1"
            },
            "timeouts": null,
            "vpc_id": "vpc-087a757602d52f059"
          },
          "private": "eyJlMmJmYjczMC1lY2FhLTExZTYtOGY4OC0zNDM2M2JjN2M0YzAiOnsiY3JlYXRlIjo2MDAwMDAwMDAwMDAsImRlbGV0ZSI6MTIwMDAwMDAwMDAwMH0sInNjaGVtYV92ZXJzaW9uIjoiMSJ9",
          "dependencies": [
            "module.vpc.aws_vpc.this",
            "module.vpc.aws_vpc_ipv4_cidr_block_association.this"
          ]
        },
        {
          "index_key": 1,
          "schema_version": 1,
          "attributes": {
            "arn": "arn:aws:ec2:us-east-1:236575081408:subnet/subnet-0d6b08be5fb60da20",
            "assign_ipv6_address_on_creation": false,
            "availability_zone": "us-east-1b",
            "availability_zone_id": "use1-az2",
            "cidr_block": "10.0.102.0/24",
            "id": "subnet-0d6b08be5fb60da20",
            "ipv6_cidr_block": "",
            "ipv6_cidr_block_association_id": "",
            "map_public_ip_on_launch": true,
            "owner_id": "236575081408",
            "tags": {
              "Environment": "dev",
              "Name": "eks-vpc-public-us-east-1b",
              "Terraform": "true",
              "kubernetes.io/role/elb": "1"
            },
            "timeouts": null,
            "vpc_id": "vpc-087a757602d52f059"
          },
          "private": "eyJlMmJmYjczMC1lY2FhLTExZTYtOGY4OC0zNDM2M2JjN2M0YzAiOnsiY3JlYXRlIjo2MDAwMDAwMDAwMDAsImRlbGV0ZSI6MTIwMDAwMDAwMDAwMH0sInNjaGVtYV92ZXJzaW9uIjoiMSJ9",
          "dependencies": [
            "module.vpc.aws_vpc.this",
            "module.vpc.aws_vpc_ipv4_cidr_block_association.this"
          ]
        },
        {
          "index_key": 2,
          "schema_version": 1,
          "attributes": {
            "arn": "arn:aws:ec2:us-east-1:236575081408:subnet/subnet-02381fdae8aa3778b",
            "assign_ipv6_address_on_creation": false,
            "availability_zone": "us-east-1c",
            "availability_zone_id": "use1-az4",
            "cidr_block": "10.0.103.0/24",
            "id": "subnet-02381fdae8aa3778b",
            "ipv6_cidr_block": "",
            "ipv6_cidr_block_association_id": "",
            "map_public_ip_on_launch": true,
            "owner_id": "236575081408",
            "tags": {
              "Environment": "dev",
              "Name": "eks-vpc-public-us-east-1c",
              "Terraform": "true",
              "kubernetes.io/role/elb": "1"
            },
            "timeouts": null,
            "vpc_id": "vpc-087a757602d52f059"
          },
          "private": "eyJlMmJmYjczMC1lY2FhLTExZTYtOGY4OC0zNDM2M2JjN2M0YzAiOnsiY3JlYXRlIjo2MDAwMDAwMDAwMDAsImRlbGV0ZSI6MTIwMDAwMDAwMDAwMH0sInNjaGVtYV92ZXJzaW9uIjoiMSJ9",
          "dependencies": [
            "module.vpc.aws_vpc.this",
            "module.vpc.aws_vpc_ipv4_cidr_block_association.this"
          ]
        }
      ]
    },
    {
      "module": "module.vpc",
      "mode": "managed",
      "type": "aws_subnet",
      "name": "redshift",
      "each": "list",
      "provider": "provider.aws",
      "instances": []
    },
    {
      "module": "module.vpc",
      "mode": "managed",
      "type": "aws_vpc",
      "name": "this",
      "each": "list",
      "provider": "provider.aws",
      "instances": [
        {
          "index_key": 0,
          "schema_version": 1,
          "attributes": {
            "arn": "arn:aws:ec2:us-east-1:236575081408:vpc/vpc-087a757602d52f059",
            "assign_generated_ipv6_cidr_block": false,
            "cidr_block": "10.0.0.0/16",
            "default_network_acl_id": "acl-0cc17054ad6ee5c4a",
            "default_route_table_id": "rtb-00991d77516a30b62",
            "default_security_group_id": "sg-0bee96bf69c2da08f",
            "dhcp_options_id": "dopt-04dd8e1dd76940ec2",
            "enable_classiclink": false,
            "enable_classiclink_dns_support": false,
            "enable_dns_hostnames": false,
            "enable_dns_support": true,
            "id": "vpc-087a757602d52f059",
            "instance_tenancy": "default",
            "ipv6_association_id": "",
            "ipv6_cidr_block": "",
            "main_route_table_id": "rtb-00991d77516a30b62",
            "owner_id": "236575081408",
            "tags": {
              "Environment": "dev",
              "Name": "eks-vpc",
              "Terraform": "true"
            }
          },
          "private": "eyJzY2hlbWFfdmVyc2lvbiI6IjEifQ=="
        }
      ]
    },
    {
      "module": "module.vpc",
      "mode": "managed",
      "type": "aws_vpc_dhcp_options",
      "name": "this",
      "each": "list",
      "provider": "provider.aws",
      "instances": []
    },
    {
      "module": "module.vpc",
      "mode": "managed",
      "type": "aws_vpc_dhcp_options_association",
      "name": "this",
      "each": "list",
      "provider": "provider.aws",
      "instances": []
    },
    {
      "module": "module.vpc",
      "mode": "managed",
      "type": "aws_vpc_endpoint",
      "name": "apigw",
      "each": "list",
      "provider": "provider.aws",
      "instances": []
    },
    {
      "module": "module.vpc",
      "mode": "managed",
      "type": "aws_vpc_endpoint",
      "name": "appmesh_envoy_management",
      "each": "list",
      "provider": "provider.aws",
      "instances": []
    },
    {
      "module": "module.vpc",
      "mode": "managed",
      "type": "aws_vpc_endpoint",
      "name": "appstream",
      "each": "list",
      "provider": "provider.aws",
      "instances": []
    },
    {
      "module": "module.vpc",
      "mode": "managed",
      "type": "aws_vpc_endpoint",
      "name": "athena",
      "each": "list",
      "provider": "provider.aws",
      "instances": []
    },
    {
      "module": "module.vpc",
      "mode": "managed",
      "type": "aws_vpc_endpoint",
      "name": "cloud_directory",
      "each": "list",
      "provider": "provider.aws",
      "instances": []
    },
    {
      "module": "module.vpc",
      "mode": "managed",
      "type": "aws_vpc_endpoint",
      "name": "cloudformation",
      "each": "list",
      "provider": "provider.aws",
      "instances": []
    },
    {
      "module": "module.vpc",
      "mode": "managed",
      "type": "aws_vpc_endpoint",
      "name": "cloudtrail",
      "each": "list",
      "provider": "provider.aws",
      "instances": []
    },
    {
      "module": "module.vpc",
      "mode": "managed",
      "type": "aws_vpc_endpoint",
      "name": "codebuild",
      "each": "list",
      "provider": "provider.aws",
      "instances": []
    },
    {
      "module": "module.vpc",
      "mode": "managed",
      "type": "aws_vpc_endpoint",
      "name": "codecommit",
      "each": "list",
      "provider": "provider.aws",
      "instances": []
    },
    {
      "module": "module.vpc",
      "mode": "managed",
      "type": "aws_vpc_endpoint",
      "name": "codepipeline",
      "each": "list",
      "provider": "provider.aws",
      "instances": []
    },
    {
      "module": "module.vpc",
      "mode": "managed",
      "type": "aws_vpc_endpoint",
      "name": "config",
      "each": "list",
      "provider": "provider.aws",
      "instances": []
    },
    {
      "module": "module.vpc",
      "mode": "managed",
      "type": "aws_vpc_endpoint",
      "name": "dynamodb",
      "each": "list",
      "provider": "provider.aws",
      "instances": []
    },
    {
      "module": "module.vpc",
      "mode": "managed",
      "type": "aws_vpc_endpoint",
      "name": "ec2",
      "each": "list",
      "provider": "provider.aws",
      "instances": []
    },
    {
      "module": "module.vpc",
      "mode": "managed",
      "type": "aws_vpc_endpoint",
      "name": "ec2_autoscaling",
      "each": "list",
      "provider": "provider.aws",
      "instances": []
    },
    {
      "module": "module.vpc",
      "mode": "managed",
      "type": "aws_vpc_endpoint",
      "name": "ec2messages",
      "each": "list",
      "provider": "provider.aws",
      "instances": []
    },
    {
      "module": "module.vpc",
      "mode": "managed",
      "type": "aws_vpc_endpoint",
      "name": "ecr_api",
      "each": "list",
      "provider": "provider.aws",
      "instances": []
    },
    {
      "module": "module.vpc",
      "mode": "managed",
      "type": "aws_vpc_endpoint",
      "name": "ecr_dkr",
      "each": "list",
      "provider": "provider.aws",
      "instances": []
    },
    {
      "module": "module.vpc",
      "mode": "managed",
      "type": "aws_vpc_endpoint",
      "name": "ecs",
      "each": "list",
      "provider": "provider.aws",
      "instances": []
    },
    {
      "module": "module.vpc",
      "mode": "managed",
      "type": "aws_vpc_endpoint",
      "name": "ecs_agent",
      "each": "list",
      "provider": "provider.aws",
      "instances": []
    },
    {
      "module": "module.vpc",
      "mode": "managed",
      "type": "aws_vpc_endpoint",
      "name": "ecs_telemetry",
      "each": "list",
      "provider": "provider.aws",
      "instances": []
    },
    {
      "module": "module.vpc",
      "mode": "managed",
      "type": "aws_vpc_endpoint",
      "name": "efs",
      "each": "list",
      "provider": "provider.aws",
      "instances": []
    },
    {
      "module": "module.vpc",
      "mode": "managed",
      "type": "aws_vpc_endpoint",
      "name": "elasticloadbalancing",
      "each": "list",
      "provider": "provider.aws",
      "instances": []
    },
    {
      "module": "module.vpc",
      "mode": "managed",
      "type": "aws_vpc_endpoint",
      "name": "events",
      "each": "list",
      "provider": "provider.aws",
      "instances": []
    },
    {
      "module": "module.vpc",
      "mode": "managed",
      "type": "aws_vpc_endpoint",
      "name": "git_codecommit",
      "each": "list",
      "provider": "provider.aws",
      "instances": []
    },
    {
      "module": "module.vpc",
      "mode": "managed",
      "type": "aws_vpc_endpoint",
      "name": "glue",
      "each": "list",
      "provider": "provider.aws",
      "instances": []
    },
    {
      "module": "module.vpc",
      "mode": "managed",
      "type": "aws_vpc_endpoint",
      "name": "kinesis_firehose",
      "each": "list",
      "provider": "provider.aws",
      "instances": []
    },
    {
      "module": "module.vpc",
      "mode": "managed",
      "type": "aws_vpc_endpoint",
      "name": "kinesis_streams",
      "each": "list",
      "provider": "provider.aws",
      "instances": []
    },
    {
      "module": "module.vpc",
      "mode": "managed",
      "type": "aws_vpc_endpoint",
      "name": "kms",
      "each": "list",
      "provider": "provider.aws",
      "instances": []
    },
    {
      "module": "module.vpc",
      "mode": "managed",
      "type": "aws_vpc_endpoint",
      "name": "logs",
      "each": "list",
      "provider": "provider.aws",
      "instances": []
    },
    {
      "module": "module.vpc",
      "mode": "managed",
      "type": "aws_vpc_endpoint",
      "name": "monitoring",
      "each": "list",
      "provider": "provider.aws",
      "instances": []
    },
    {
      "module": "module.vpc",
      "mode": "managed",
      "type": "aws_vpc_endpoint",
      "name": "rekognition",
      "each": "list",
      "provider": "provider.aws",
      "instances": []
    },
    {
      "module": "module.vpc",
      "mode": "managed",
      "type": "aws_vpc_endpoint",
      "name": "s3",
      "each": "list",
      "provider": "provider.aws",
      "instances": []
    },
    {
      "module": "module.vpc",
      "mode": "managed",
      "type": "aws_vpc_endpoint",
      "name": "sagemaker_api",
      "each": "list",
      "provider": "provider.aws",
      "instances": []
    },
    {
      "module": "module.vpc",
      "mode": "managed",
      "type": "aws_vpc_endpoint",
      "name": "sagemaker_notebook",
      "each": "list",
      "provider": "provider.aws",
      "instances": []
    },
    {
      "module": "module.vpc",
      "mode": "managed",
      "type": "aws_vpc_endpoint",
      "name": "sagemaker_runtime",
      "each": "list",
      "provider": "provider.aws",
      "instances": []
    },
    {
      "module": "module.vpc",
      "mode": "managed",
      "type": "aws_vpc_endpoint",
      "name": "secretsmanager",
      "each": "list",
      "provider": "provider.aws",
      "instances": []
    },
    {
      "module": "module.vpc",
      "mode": "managed",
      "type": "aws_vpc_endpoint",
      "name": "servicecatalog",
      "each": "list",
      "provider": "provider.aws",
      "instances": []
    },
    {
      "module": "module.vpc",
      "mode": "managed",
      "type": "aws_vpc_endpoint",
      "name": "sns",
      "each": "list",
      "provider": "provider.aws",
      "instances": []
    },
    {
      "module": "module.vpc",
      "mode": "managed",
      "type": "aws_vpc_endpoint",
      "name": "sqs",
      "each": "list",
      "provider": "provider.aws",
      "instances": []
    },
    {
      "module": "module.vpc",
      "mode": "managed",
      "type": "aws_vpc_endpoint",
      "name": "ssm",
      "each": "list",
      "provider": "provider.aws",
      "instances": []
    },
    {
      "module": "module.vpc",
      "mode": "managed",
      "type": "aws_vpc_endpoint",
      "name": "ssmmessages",
      "each": "list",
      "provider": "provider.aws",
      "instances": []
    },
    {
      "module": "module.vpc",
      "mode": "managed",
      "type": "aws_vpc_endpoint",
      "name": "storagegateway",
      "each": "list",
      "provider": "provider.aws",
      "instances": []
    },
    {
      "module": "module.vpc",
      "mode": "managed",
      "type": "aws_vpc_endpoint",
      "name": "sts",
      "each": "list",
      "provider": "provider.aws",
      "instances": []
    },
    {
      "module": "module.vpc",
      "mode": "managed",
      "type": "aws_vpc_endpoint",
      "name": "transfer",
      "each": "list",
      "provider": "provider.aws",
      "instances": []
    },
    {
      "module": "module.vpc",
      "mode": "managed",
      "type": "aws_vpc_endpoint",
      "name": "transferserver",
      "each": "list",
      "provider": "provider.aws",
      "instances": []
    },
    {
      "module": "module.vpc",
      "mode": "managed",
      "type": "aws_vpc_endpoint_route_table_association",
      "name": "intra_dynamodb",
      "each": "list",
      "provider": "provider.aws",
      "instances": []
    },
    {
      "module": "module.vpc",
      "mode": "managed",
      "type": "aws_vpc_endpoint_route_table_association",
      "name": "intra_s3",
      "each": "list",
      "provider": "provider.aws",
      "instances": []
    },
    {
      "module": "module.vpc",
      "mode": "managed",
      "type": "aws_vpc_endpoint_route_table_association",
      "name": "private_dynamodb",
      "each": "list",
      "provider": "provider.aws",
      "instances": []
    },
    {
      "module": "module.vpc",
      "mode": "managed",
      "type": "aws_vpc_endpoint_route_table_association",
      "name": "private_s3",
      "each": "list",
      "provider": "provider.aws",
      "instances": []
    },
    {
      "module": "module.vpc",
      "mode": "managed",
      "type": "aws_vpc_endpoint_route_table_association",
      "name": "public_dynamodb",
      "each": "list",
      "provider": "provider.aws",
      "instances": []
    },
    {
      "module": "module.vpc",
      "mode": "managed",
      "type": "aws_vpc_endpoint_route_table_association",
      "name": "public_s3",
      "each": "list",
      "provider": "provider.aws",
      "instances": []
    },
    {
      "module": "module.vpc",
      "mode": "managed",
      "type": "aws_vpc_ipv4_cidr_block_association",
      "name": "this",
      "each": "list",
      "provider": "provider.aws",
      "instances": []
    },
    {
      "module": "module.vpc",
      "mode": "managed",
      "type": "aws_vpn_gateway",
      "name": "this",
      "each": "list",
      "provider": "provider.aws",
      "instances": [
        {
          "index_key": 0,
          "schema_version": 0,
          "attributes": {
            "amazon_side_asn": "64512",
            "availability_zone": null,
            "id": "vgw-0d37f173effd1df33",
            "tags": {
              "Environment": "dev",
              "Name": "eks-vpc",
              "Terraform": "true"
            },
            "vpc_id": "vpc-087a757602d52f059"
          },
          "private": "bnVsbA==",
          "dependencies": [
            "module.vpc.aws_vpc.this",
            "module.vpc.aws_vpc_ipv4_cidr_block_association.this"
          ]
        }
      ]
    },
    {
      "module": "module.vpc",
      "mode": "managed",
      "type": "aws_vpn_gateway_attachment",
      "name": "this",
      "each": "list",
      "provider": "provider.aws",
      "instances": []
    },
    {
      "module": "module.vpc",
      "mode": "managed",
      "type": "aws_vpn_gateway_route_propagation",
      "name": "intra",
      "each": "list",
      "provider": "provider.aws",
      "instances": []
    },
    {
      "module": "module.vpc",
      "mode": "managed",
      "type": "aws_vpn_gateway_route_propagation",
      "name": "private",
      "each": "list",
      "provider": "provider.aws",
      "instances": []
    },
    {
      "module": "module.vpc",
      "mode": "managed",
      "type": "aws_vpn_gateway_route_propagation",
      "name": "public",
      "each": "list",
      "provider": "provider.aws",
      "instances": []
    },
    {
      "module": "module.eks-cluster",
      "mode": "managed",
      "type": "kubernetes_config_map",
      "name": "aws_auth",
      "each": "list",
      "provider": "provider.kubernetes",
      "instances": [
        {
          "index_key": 0,
          "schema_version": 0,
          "attributes": {
            "binary_data": null,
            "data": {
              "mapAccounts": "[]\n",
              "mapRoles": "- \"groups\":\n  - \"system:bootstrappers\"\n  - \"system:nodes\"\n  \"rolearn\": \"arn:aws:iam::236575081408:role/eks-cluster20200405194430236200000005\"\n  \"username\": \"system:node:{{EC2PrivateDNSName}}\"\n",
              "mapUsers": "[]\n"
            },
            "id": "kube-system/aws-auth",
            "metadata": [
              {
                "annotations": null,
                "generate_name": "",
                "generation": 0,
                "labels": null,
                "name": "aws-auth",
                "namespace": "kube-system",
                "resource_version": "586",
                "self_link": "/api/v1/namespaces/kube-system/configmaps/aws-auth",
                "uid": "97be1cbd-8923-4aea-bc08-c36097123f07"
              }
            ]
          },
          "private": "bnVsbA==",
          "dependencies": [
            "module.eks-cluster.aws_cloudwatch_log_group.this",
            "module.eks-cluster.aws_eks_cluster.this",
            "module.eks-cluster.aws_iam_instance_profile.workers",
            "module.eks-cluster.aws_iam_instance_profile.workers_launch_template",
            "module.eks-cluster.aws_iam_role.cluster",
            "module.eks-cluster.aws_iam_role.workers",
            "module.eks-cluster.aws_iam_role_policy_attachment.cluster_AmazonEKSClusterPolicy",
            "module.eks-cluster.aws_iam_role_policy_attachment.cluster_AmazonEKSServicePolicy",
            "module.eks-cluster.aws_security_group.cluster",
            "module.eks-cluster.aws_security_group_rule.cluster_private_access",
            "module.eks-cluster.null_resource.wait_for_cluster",
            "module.vpc.aws_subnet.private",
            "module.vpc.aws_vpc.this",
            "module.vpc.aws_vpc_ipv4_cidr_block_association.this"
          ]
        }
      ]
    },
    {
      "module": "module.eks-cluster",
      "mode": "managed",
      "type": "local_file",
      "name": "kubeconfig",
      "each": "list",
      "provider": "provider.local",
      "instances": [
        {
          "index_key": 0,
          "schema_version": 0,
          "attributes": {
            "content": "apiVersion: v1\npreferences: {}\nkind: Config\n\nclusters:\n- cluster:\n    server: https://F13603D291193567C8E9F73CC7D016A9.gr7.us-east-1.eks.amazonaws.com\n    certificate-authority-data: LS0tLS1CRUdJTiBDRVJUSUZJQ0FURS0tLS0tCk1JSUN5RENDQWJDZ0F3SUJBZ0lCQURBTkJna3Foa2lHOXcwQkFRc0ZBREFWTVJNd0VRWURWUVFERXdwcmRXSmwKY201bGRHVnpNQjRYRFRJd01EUXdOVEU1TkRFek1Gb1hEVE13TURRd016RTVOREV6TUZvd0ZURVRNQkVHQTFVRQpBeE1LYTNWaVpYSnVaWFJsY3pDQ0FTSXdEUVlKS29aSWh2Y05BUUVCQlFBRGdnRVBBRENDQVFvQ2dnRUJBT1ZMCnFhQjY4UGducjUxMzR1THM4RW9UellaTnhvWTZDM1NCdFVZeFJvSjZDSDVzQzZQSSsvN3EyWlQxZUo3a0lVekIKS0hmcEt1QU1BSDdYV0I0blIxYUJGZHdxSzRLQWNERmNsb0h3QlR2bFA2ZTVZZ2hYM3ZIWm5MejMzMngzMktLVgowQlNOa1k2ZE5pVEV5QlMyQmZyeGZRUWwxZ0RQTUgxVnhUdWtiOFJKZVQ5dVl1UEluU1dub1ZreXk2Zm1tRE9vCmt5RWF1Ri9rNHcwczU1bnZVcFROWVFmOEpEY0hMdjFXbFp2a1BpQ2pLaCs1ZkQxMXlvZ3NFZTdBRjhlTzhEd0UKMS9ET0hHVnpBVjlhNGxnMkNkTUoyczhEenJRbFpHSmFDWUtQbXF6b1JpRG5USzJoNGNQNTJmU1F4U1FnT2NaLwptaytyRU0vdUMvUmE2NTFHWFRVQ0F3RUFBYU1qTUNFd0RnWURWUjBQQVFIL0JBUURBZ0trTUE4R0ExVWRFd0VCCi93UUZNQU1CQWY4d0RRWUpLb1pJaHZjTkFRRUxCUUFEZ2dFQkFIZ3lvWlRSSVBQbUtzOEJQeW5CU09XK0lqamUKT3ZFZ05QWmwwajRTaHR4cWdUMHlyRU9Ka3VhRzk0RXFJbEh6U29Xck5LbitROGROaHNESUc1Um5rY1B2MWJCNApzaUREenFZMnFiczRYc3plKzlmOFdTL0tWS2swVXpJSHRzQ0xXMmxFQ0pLZEpNTU0wMFZFUThCbTlHOUlWMURPClhOcEljakJOanFRY0M0S3dqbzVPQ21WOHNNVEJlUXJUbGg2VHM4akhRUTc1K2ViUzZIbjlDUzBLckNuNWpXTk0Kc2UwbGVpTzROL29NM0NiYndtbldqekdEbk1nRGtBazFNY0I4QTU2VWR2R0tVRTVPUTVmd2E2NTV6WG5HY0NsbAoyK2xVZ1l2cXJyRm1hd2V2ZCt3T2UzYTd2UktFcHIwTThuSzFJS256WkVWNU5hZ1ZBaTlVL3lJWHVEND0KLS0tLS1FTkQgQ0VSVElGSUNBVEUtLS0tLQo=\n  name: eks_eks-cluster\n\ncontexts:\n- context:\n    cluster: eks_eks-cluster\n    user: eks_eks-cluster\n  name: eks_eks-cluster\n\ncurrent-context: eks_eks-cluster\n\nusers:\n- name: eks_eks-cluster\n  user:\n    exec:\n      apiVersion: client.authentication.k8s.io/v1alpha1\n      command: aws-iam-authenticator\n      args:\n        - \"token\"\n        - \"-i\"\n        - \"eks-cluster\"\n\n\n",
            "content_base64": null,
            "directory_permission": "0777",
            "file_permission": "0777",
            "filename": "./kubeconfig_eks-cluster",
            "id": "de343ef24af920de20ffe924765feb4540d1faa7",
            "sensitive_content": null
          },
          "private": "bnVsbA==",
          "dependencies": [
            "module.eks-cluster.aws_cloudwatch_log_group.this",
            "module.eks-cluster.aws_eks_cluster.this",
            "module.eks-cluster.aws_iam_role.cluster",
            "module.eks-cluster.aws_iam_role_policy_attachment.cluster_AmazonEKSClusterPolicy",
            "module.eks-cluster.aws_iam_role_policy_attachment.cluster_AmazonEKSServicePolicy",
            "module.eks-cluster.aws_security_group.cluster",
            "module.vpc.aws_subnet.private",
            "module.vpc.aws_vpc.this",
            "module.vpc.aws_vpc_ipv4_cidr_block_association.this"
          ]
        }
      ]
    },
    {
      "module": "module.eks-cluster",
      "mode": "managed",
      "type": "null_resource",
      "name": "wait_for_cluster",
      "each": "list",
      "provider": "provider.null",
      "instances": [
        {
          "index_key": 0,
          "schema_version": 0,
          "attributes": {
            "id": "7076307591483374822",
            "triggers": null
          },
          "private": "bnVsbA==",
          "dependencies": [
            "module.eks-cluster.aws_cloudwatch_log_group.this",
            "module.eks-cluster.aws_eks_cluster.this",
            "module.eks-cluster.aws_iam_role.cluster",
            "module.eks-cluster.aws_iam_role_policy_attachment.cluster_AmazonEKSClusterPolicy",
            "module.eks-cluster.aws_iam_role_policy_attachment.cluster_AmazonEKSServicePolicy",
            "module.eks-cluster.aws_security_group.cluster",
            "module.eks-cluster.aws_security_group_rule.cluster_private_access",
            "module.vpc.aws_subnet.private",
            "module.vpc.aws_vpc.this",
            "module.vpc.aws_vpc_ipv4_cidr_block_association.this"
          ]
        }
      ]
    },
    {
      "module": "module.eks-cluster.module.node_groups",
      "mode": "managed",
      "type": "random_pet",
      "name": "node_groups",
      "each": "map",
      "provider": "provider.random",
      "instances": []
    },
    {
      "module": "module.eks-cluster",
      "mode": "managed",
      "type": "random_pet",
      "name": "workers",
      "each": "list",
      "provider": "provider.random",
      "instances": [
        {
          "index_key": 0,
          "schema_version": 0,
          "attributes": {
            "id": "relevant-kodiak",
            "keepers": {
              "lc_name": "eks-cluster-worker-group-12020040519443571060000000b"
            },
            "length": 2,
            "prefix": null,
            "separator": "-"
          },
          "private": "bnVsbA==",
          "dependencies": [
            "module.eks-cluster.aws_cloudwatch_log_group.this",
            "module.eks-cluster.aws_eks_cluster.this",
            "module.eks-cluster.aws_iam_instance_profile.workers",
            "module.eks-cluster.aws_iam_role.cluster",
            "module.eks-cluster.aws_iam_role.workers",
            "module.eks-cluster.aws_iam_role_policy_attachment.cluster_AmazonEKSClusterPolicy",
            "module.eks-cluster.aws_iam_role_policy_attachment.cluster_AmazonEKSServicePolicy",
            "module.eks-cluster.aws_launch_configuration.workers",
            "module.eks-cluster.aws_security_group.cluster",
            "module.eks-cluster.aws_security_group.workers",
            "module.vpc.aws_subnet.private",
            "module.vpc.aws_vpc.this",
            "module.vpc.aws_vpc_ipv4_cidr_block_association.this"
          ]
        }
      ]
    },
    {
      "module": "module.eks-cluster",
      "mode": "managed",
      "type": "random_pet",
      "name": "workers_launch_template",
      "each": "list",
      "provider": "provider.random",
      "instances": []
    }
  ]
}
